// !$*UTF8*$!
{
	archiveVersion = 1;
	classes = {
	};
	objectVersion = 50;
	objects = {

/* Begin PBXBuildFile section */
		7068CC308390E98D046B8106 /* Pods_Y_PEER.framework in Frameworks */ = {isa = PBXBuildFile; fileRef = 0362A44C5C8DFFCD2E134C3E /* Pods_Y_PEER.framework */; };
		F305B91B2159371F005A4818 /* CoreTeamCollectionViewCell.swift in Sources */ = {isa = PBXBuildFile; fileRef = F305B9192159371F005A4818 /* CoreTeamCollectionViewCell.swift */; };
		F305B91C2159371F005A4818 /* CoreTeamCollectionViewCell.xib in Resources */ = {isa = PBXBuildFile; fileRef = F305B91A2159371F005A4818 /* CoreTeamCollectionViewCell.xib */; };
		F30E3EBE216E0FDF00F75EC0 /* AboutUs.storyboard in Resources */ = {isa = PBXBuildFile; fileRef = F30E3EBD216E0FDF00F75EC0 /* AboutUs.storyboard */; };
		F30E3EC8216E5D8600F75EC0 /* User.storyboard in Resources */ = {isa = PBXBuildFile; fileRef = F30E3EC7216E5D8600F75EC0 /* User.storyboard */; };
		F30E3ECC216E63F400F75EC0 /* SigninViewController.swift in Sources */ = {isa = PBXBuildFile; fileRef = F30E3ECB216E63F400F75EC0 /* SigninViewController.swift */; };
		F30E3ECE216E79BD00F75EC0 /* SignupViewController.swift in Sources */ = {isa = PBXBuildFile; fileRef = F30E3ECD216E79BD00F75EC0 /* SignupViewController.swift */; };
		F30E3ED0216E7E7B00F75EC0 /* 1.png in Resources */ = {isa = PBXBuildFile; fileRef = F30E3ECF216E7E7B00F75EC0 /* 1.png */; };
		F30E3ED2216EB5BD00F75EC0 /* ProfileViewController.swift in Sources */ = {isa = PBXBuildFile; fileRef = F30E3ED1216EB5BD00F75EC0 /* ProfileViewController.swift */; };
		F30E3ED5216EC17000F75EC0 /* UserCache.swift in Sources */ = {isa = PBXBuildFile; fileRef = F30E3ED4216EC17000F75EC0 /* UserCache.swift */; };
		F30E3ED8216FBB1000F75EC0 /* SettingsNotificationTableViewCell.swift in Sources */ = {isa = PBXBuildFile; fileRef = F30E3ED6216FBB1000F75EC0 /* SettingsNotificationTableViewCell.swift */; };
		F30E3ED9216FBB1000F75EC0 /* SettingsNotificationTableViewCell.xib in Resources */ = {isa = PBXBuildFile; fileRef = F30E3ED7216FBB1000F75EC0 /* SettingsNotificationTableViewCell.xib */; };
		F30E3EDE216FBE7300F75EC0 /* SettingsTableViewHeader.swift in Sources */ = {isa = PBXBuildFile; fileRef = F30E3EDD216FBE7300F75EC0 /* SettingsTableViewHeader.swift */; };
		F30E3EE0216FBE7E00F75EC0 /* SettingsTableViewHeader.xib in Resources */ = {isa = PBXBuildFile; fileRef = F30E3EDF216FBE7E00F75EC0 /* SettingsTableViewHeader.xib */; };
		F30E3EE4216FC13400F75EC0 /* SettingsLanguageTableViewCell.swift in Sources */ = {isa = PBXBuildFile; fileRef = F30E3EE2216FC13400F75EC0 /* SettingsLanguageTableViewCell.swift */; };
		F30E3EE5216FC13400F75EC0 /* SettingsLanguageTableViewCell.xib in Resources */ = {isa = PBXBuildFile; fileRef = F30E3EE3216FC13400F75EC0 /* SettingsLanguageTableViewCell.xib */; };
		F30E3EE8216FCE1C00F75EC0 /* RequestNames.swift in Sources */ = {isa = PBXBuildFile; fileRef = F30E3EE7216FCE1C00F75EC0 /* RequestNames.swift */; };
		F3131EF6216BB70700B1200E /* PostImageTableViewCell.swift in Sources */ = {isa = PBXBuildFile; fileRef = F3131EF4216BB70700B1200E /* PostImageTableViewCell.swift */; };
		F3131EF7216BB70700B1200E /* PostImageTableViewCell.xib in Resources */ = {isa = PBXBuildFile; fileRef = F3131EF5216BB70700B1200E /* PostImageTableViewCell.xib */; };
		F3131EFB216BB77100B1200E /* PostsQuizTableViewCell.swift in Sources */ = {isa = PBXBuildFile; fileRef = F3131EF9216BB77100B1200E /* PostsQuizTableViewCell.swift */; };
		F3131EFC216BB77100B1200E /* PostsQuizTableViewCell.xib in Resources */ = {isa = PBXBuildFile; fileRef = F3131EFA216BB77100B1200E /* PostsQuizTableViewCell.xib */; };
		F3131F00216BCF1000B1200E /* PostsImageCollectionViewCell.swift in Sources */ = {isa = PBXBuildFile; fileRef = F3131EFE216BCF1000B1200E /* PostsImageCollectionViewCell.swift */; };
		F3131F01216BCF1000B1200E /* PostsImageCollectionViewCell.xib in Resources */ = {isa = PBXBuildFile; fileRef = F3131EFF216BCF1000B1200E /* PostsImageCollectionViewCell.xib */; };
		F323F9BC21C96C6E002BF331 /* PostsModel.swift in Sources */ = {isa = PBXBuildFile; fileRef = F323F9BB21C96C6E002BF331 /* PostsModel.swift */; };
		F323F9BF21CAB0E5002BF331 /* IssuesModel.swift in Sources */ = {isa = PBXBuildFile; fileRef = F323F9BE21CAB0E5002BF331 /* IssuesModel.swift */; };
		F323F9C221CABA13002BF331 /* SigninModel.swift in Sources */ = {isa = PBXBuildFile; fileRef = F323F9C121CABA13002BF331 /* SigninModel.swift */; };
		F323F9C421CBC39F002BF331 /* ArticlesModel.swift in Sources */ = {isa = PBXBuildFile; fileRef = F323F9C321CBC39F002BF331 /* ArticlesModel.swift */; };
		F323F9E921D2508D002BF331 /* Cache.swift in Sources */ = {isa = PBXBuildFile; fileRef = F323F9E821D2508D002BF331 /* Cache.swift */; };
		F323F9ED21D25911002BF331 /* CitiesModel.swift in Sources */ = {isa = PBXBuildFile; fileRef = F323F9EC21D25911002BF331 /* CitiesModel.swift */; };
		F323F9F321D27384002BF331 /* GalleryModel.swift in Sources */ = {isa = PBXBuildFile; fileRef = F323F9F221D27384002BF331 /* GalleryModel.swift */; };
		F323F9F621D2A90C002BF331 /* ErrorView.xib in Resources */ = {isa = PBXBuildFile; fileRef = F323F9F521D2A90C002BF331 /* ErrorView.xib */; };
		F323F9F821D2A922002BF331 /* ErrorView.swift in Sources */ = {isa = PBXBuildFile; fileRef = F323F9F721D2A922002BF331 /* ErrorView.swift */; };
		F323F9FA21D2A95B002BF331 /* ErrorBackground.png in Resources */ = {isa = PBXBuildFile; fileRef = F323F9F921D2A95B002BF331 /* ErrorBackground.png */; };
		F32EB3FD21C956D90005FA15 /* Networking.swift in Sources */ = {isa = PBXBuildFile; fileRef = F32EB3FC21C956D90005FA15 /* Networking.swift */; };
		F32EB40021C959000005FA15 /* GenericModel.swift in Sources */ = {isa = PBXBuildFile; fileRef = F32EB3FF21C959000005FA15 /* GenericModel.swift */; };
		F3303ECF215677B200DF4610 /* Issue.storyboard in Resources */ = {isa = PBXBuildFile; fileRef = F3303ECE215677B200DF4610 /* Issue.storyboard */; };
		F3303ED12156796200DF4610 /* IssueViewController.swift in Sources */ = {isa = PBXBuildFile; fileRef = F3303ED02156796200DF4610 /* IssueViewController.swift */; };
		F3303ED521567ADC00DF4610 /* IssueTableViewCell.swift in Sources */ = {isa = PBXBuildFile; fileRef = F3303ED321567ADC00DF4610 /* IssueTableViewCell.swift */; };
		F3303ED621567ADC00DF4610 /* IssueTableViewCell.xib in Resources */ = {isa = PBXBuildFile; fileRef = F3303ED421567ADC00DF4610 /* IssueTableViewCell.xib */; };
		F3303ED82156C7C000DF4610 /* IssueArticleViewController.swift in Sources */ = {isa = PBXBuildFile; fileRef = F3303ED72156C7C000DF4610 /* IssueArticleViewController.swift */; };
		F3303EDA2156CBE500DF4610 /* a.jpg in Resources */ = {isa = PBXBuildFile; fileRef = F3303ED92156CBE500DF4610 /* a.jpg */; };
		F3303EDE2156D6D900DF4610 /* SettingsViewController.swift in Sources */ = {isa = PBXBuildFile; fileRef = F3303EDD2156D6D900DF4610 /* SettingsViewController.swift */; };
		F3303EE02156D6E300DF4610 /* Settings.storyboard in Resources */ = {isa = PBXBuildFile; fileRef = F3303EDF2156D6E300DF4610 /* Settings.storyboard */; };
		F3303EE32156D7D600DF4610 /* AboutViewController.swift in Sources */ = {isa = PBXBuildFile; fileRef = F3303EE22156D7D600DF4610 /* AboutViewController.swift */; };
		F3303EE62156D88D00DF4610 /* AboutTableViewSectionHeader.swift in Sources */ = {isa = PBXBuildFile; fileRef = F3303EE52156D88D00DF4610 /* AboutTableViewSectionHeader.swift */; };
		F3303EE82156D89600DF4610 /* AboutTableViewSectionHeader.xib in Resources */ = {isa = PBXBuildFile; fileRef = F3303EE72156D89600DF4610 /* AboutTableViewSectionHeader.xib */; };
		F3303EEC2156E48100DF4610 /* AboutDetailsTableViewCell.swift in Sources */ = {isa = PBXBuildFile; fileRef = F3303EEA2156E48100DF4610 /* AboutDetailsTableViewCell.swift */; };
		F3303EED2156E48100DF4610 /* AboutDetailsTableViewCell.xib in Resources */ = {isa = PBXBuildFile; fileRef = F3303EEB2156E48100DF4610 /* AboutDetailsTableViewCell.xib */; };
		F3303EF22156F25300DF4610 /* AboutCoreTeamTableViewCell.swift in Sources */ = {isa = PBXBuildFile; fileRef = F3303EF02156F25300DF4610 /* AboutCoreTeamTableViewCell.swift */; };
		F3303EF32156F25300DF4610 /* AboutCoreTeamTableViewCell.xib in Resources */ = {isa = PBXBuildFile; fileRef = F3303EF12156F25300DF4610 /* AboutCoreTeamTableViewCell.xib */; };
		F3303EF72156F46F00DF4610 /* AboutCoreTeamCellCollectionViewCell.swift in Sources */ = {isa = PBXBuildFile; fileRef = F3303EF52156F46F00DF4610 /* AboutCoreTeamCellCollectionViewCell.swift */; };
		F3303EF82156F46F00DF4610 /* AboutCoreTeamCellCollectionViewCell.xib in Resources */ = {isa = PBXBuildFile; fileRef = F3303EF62156F46F00DF4610 /* AboutCoreTeamCellCollectionViewCell.xib */; };
		F3303EFC2156FF2C00DF4610 /* AboutPartnershipTableViewCell.swift in Sources */ = {isa = PBXBuildFile; fileRef = F3303EFA2156FF2C00DF4610 /* AboutPartnershipTableViewCell.swift */; };
		F3303EFD2156FF2C00DF4610 /* AboutPartnershipTableViewCell.xib in Resources */ = {isa = PBXBuildFile; fileRef = F3303EFB2156FF2C00DF4610 /* AboutPartnershipTableViewCell.xib */; };
		F3303EFF215700AB00DF4610 /* String Extensions.swift in Sources */ = {isa = PBXBuildFile; fileRef = F3303EFE215700AB00DF4610 /* String Extensions.swift */; };
		F3303F022157089600DF4610 /* CoreTeamViewController.swift in Sources */ = {isa = PBXBuildFile; fileRef = F3303F012157089600DF4610 /* CoreTeamViewController.swift */; };
		F33B2D3421D2C392007C728D /* LoadingView.swift in Sources */ = {isa = PBXBuildFile; fileRef = F33B2D3321D2C392007C728D /* LoadingView.swift */; };
		F33B2D3621D2C39C007C728D /* LoadingView.xib in Resources */ = {isa = PBXBuildFile; fileRef = F33B2D3521D2C39C007C728D /* LoadingView.xib */; };
		F33B2D3821D315AC007C728D /* EventsModel.swift in Sources */ = {isa = PBXBuildFile; fileRef = F33B2D3721D315AC007C728D /* EventsModel.swift */; };
		F33B2D3A21D3AD3F007C728D /* QuizzesModel.swift in Sources */ = {isa = PBXBuildFile; fileRef = F33B2D3921D3AD3F007C728D /* QuizzesModel.swift */; };
		F33B2D3C21D3B2F2007C728D /* QuizDetailsModel.swift in Sources */ = {isa = PBXBuildFile; fileRef = F33B2D3B21D3B2F2007C728D /* QuizDetailsModel.swift */; };
		F33B2D3E21D3E746007C728D /* EditProfileModel.swift in Sources */ = {isa = PBXBuildFile; fileRef = F33B2D3D21D3E746007C728D /* EditProfileModel.swift */; };
		F33B2D4021D3F92F007C728D /* LikeModel.swift in Sources */ = {isa = PBXBuildFile; fileRef = F33B2D3F21D3F92F007C728D /* LikeModel.swift */; };
		F33B2D4321D4236A007C728D /* Stories.storyboard in Resources */ = {isa = PBXBuildFile; fileRef = F33B2D4221D4236A007C728D /* Stories.storyboard */; };
		F33B2D4521D42456007C728D /* StoriesViewController.swift in Sources */ = {isa = PBXBuildFile; fileRef = F33B2D4421D42456007C728D /* StoriesViewController.swift */; };
		F33B2D4721D42467007C728D /* CreateStoryViewController.swift in Sources */ = {isa = PBXBuildFile; fileRef = F33B2D4621D42467007C728D /* CreateStoryViewController.swift */; };
		F33B2D4B21D67421007C728D /* StoriesTableViewCell.swift in Sources */ = {isa = PBXBuildFile; fileRef = F33B2D4921D67421007C728D /* StoriesTableViewCell.swift */; };
		F33B2D4C21D67421007C728D /* StoriesTableViewCell.xib in Resources */ = {isa = PBXBuildFile; fileRef = F33B2D4A21D67421007C728D /* StoriesTableViewCell.xib */; };
		F33B2D4E21D6748B007C728D /* story.png in Resources */ = {isa = PBXBuildFile; fileRef = F33B2D4D21D6748B007C728D /* story.png */; };
		F33B2D5021D6772B007C728D /* StoriesModel.swift in Sources */ = {isa = PBXBuildFile; fileRef = F33B2D4F21D6772B007C728D /* StoriesModel.swift */; };
		F33B2D5221D689D9007C728D /* StoryDetailsViewController.swift in Sources */ = {isa = PBXBuildFile; fileRef = F33B2D5121D689D9007C728D /* StoryDetailsViewController.swift */; };
		F33B2D5421D69278007C728D /* person.png in Resources */ = {isa = PBXBuildFile; fileRef = F33B2D5321D69277007C728D /* person.png */; };
		F33B2D5621D6C307007C728D /* SideMenu.jpg in Resources */ = {isa = PBXBuildFile; fileRef = F33B2D5521D6C307007C728D /* SideMenu.jpg */; };
		F33DFA622149FB4F00E3194C /* AppDelegate.swift in Sources */ = {isa = PBXBuildFile; fileRef = F33DFA612149FB4F00E3194C /* AppDelegate.swift */; };
		F33DFA672149FB4F00E3194C /* Main.storyboard in Resources */ = {isa = PBXBuildFile; fileRef = F33DFA652149FB4F00E3194C /* Main.storyboard */; };
		F33DFA692149FB5100E3194C /* Assets.xcassets in Resources */ = {isa = PBXBuildFile; fileRef = F33DFA682149FB5100E3194C /* Assets.xcassets */; };
		F33DFA6C2149FB5100E3194C /* LaunchScreen.storyboard in Resources */ = {isa = PBXBuildFile; fileRef = F33DFA6A2149FB5100E3194C /* LaunchScreen.storyboard */; };
		F33DFA77214A074500E3194C /* SideMenu.storyboard in Resources */ = {isa = PBXBuildFile; fileRef = F33DFA76214A074500E3194C /* SideMenu.storyboard */; };
		F33DFA79214A075500E3194C /* SideMenuViewController.swift in Sources */ = {isa = PBXBuildFile; fileRef = F33DFA78214A075500E3194C /* SideMenuViewController.swift */; };
		F33DFA7D214A145600E3194C /* UIColor Extension.swift in Sources */ = {isa = PBXBuildFile; fileRef = F33DFA7C214A145600E3194C /* UIColor Extension.swift */; };
		F354AB0B21773D29008B9974 /* image-0.jpg in Resources */ = {isa = PBXBuildFile; fileRef = F354AB0621773D29008B9974 /* image-0.jpg */; };
		F354AB0C21773D29008B9974 /* image-1.jpg in Resources */ = {isa = PBXBuildFile; fileRef = F354AB0721773D29008B9974 /* image-1.jpg */; };
		F354AB0D21773D29008B9974 /* image-3.jpg in Resources */ = {isa = PBXBuildFile; fileRef = F354AB0821773D29008B9974 /* image-3.jpg */; };
		F354AB0E21773D29008B9974 /* image-2.jpg in Resources */ = {isa = PBXBuildFile; fileRef = F354AB0921773D29008B9974 /* image-2.jpg */; };
		F354AB0F21773D29008B9974 /* image-4.jpg in Resources */ = {isa = PBXBuildFile; fileRef = F354AB0A21773D29008B9974 /* image-4.jpg */; };
		F36391CE216BE3C4005F747C /* PostsUpcomingEventTableViewCell.swift in Sources */ = {isa = PBXBuildFile; fileRef = F36391CC216BE3C4005F747C /* PostsUpcomingEventTableViewCell.swift */; };
		F36391CF216BE3C4005F747C /* PostsUpcomingEventTableViewCell.xib in Resources */ = {isa = PBXBuildFile; fileRef = F36391CD216BE3C4005F747C /* PostsUpcomingEventTableViewCell.xib */; };
		F36391D3216CA510005F747C /* PostsTextTableViewCell.swift in Sources */ = {isa = PBXBuildFile; fileRef = F36391D1216CA510005F747C /* PostsTextTableViewCell.swift */; };
		F36391D4216CA510005F747C /* PostsTextTableViewCell.xib in Resources */ = {isa = PBXBuildFile; fileRef = F36391D2216CA510005F747C /* PostsTextTableViewCell.xib */; };
		F36391D6216CAB43005F747C /* UIViewController Extensions.swift in Sources */ = {isa = PBXBuildFile; fileRef = F36391D5216CAB43005F747C /* UIViewController Extensions.swift */; };
		F36391D9216CDECD005F747C /* EventsViewController.swift in Sources */ = {isa = PBXBuildFile; fileRef = F36391D8216CDECD005F747C /* EventsViewController.swift */; };
		F36391DD216CE0AD005F747C /* EventsTableViewCell.swift in Sources */ = {isa = PBXBuildFile; fileRef = F36391DB216CE0AD005F747C /* EventsTableViewCell.swift */; };
		F36391DE216CE0AD005F747C /* EventsTableViewCell.xib in Resources */ = {isa = PBXBuildFile; fileRef = F36391DC216CE0AD005F747C /* EventsTableViewCell.xib */; };
		F3A22B7E2174E29200F5325F /* QuizViewController.swift in Sources */ = {isa = PBXBuildFile; fileRef = F3A22B7D2174E29200F5325F /* QuizViewController.swift */; };
		F3A22B822174E34D00F5325F /* QuizQuestionCollectionViewCell.swift in Sources */ = {isa = PBXBuildFile; fileRef = F3A22B802174E34D00F5325F /* QuizQuestionCollectionViewCell.swift */; };
		F3A22B832174E34D00F5325F /* QuizQuestionCollectionViewCell.xib in Resources */ = {isa = PBXBuildFile; fileRef = F3A22B812174E34D00F5325F /* QuizQuestionCollectionViewCell.xib */; };
		F3A22B872174ED8B00F5325F /* QuizAnswerTableViewCell.swift in Sources */ = {isa = PBXBuildFile; fileRef = F3A22B852174ED8B00F5325F /* QuizAnswerTableViewCell.swift */; };
		F3A22B882174ED8B00F5325F /* QuizAnswerTableViewCell.xib in Resources */ = {isa = PBXBuildFile; fileRef = F3A22B862174ED8B00F5325F /* QuizAnswerTableViewCell.xib */; };
		F3A22B8A2175EE1B00F5325F /* background.jpg in Resources */ = {isa = PBXBuildFile; fileRef = F3A22B892175EE1B00F5325F /* background.jpg */; };
		F3A22B8C2176529000F5325F /* QuizResultsViewController.swift in Sources */ = {isa = PBXBuildFile; fileRef = F3A22B8B2176529000F5325F /* QuizResultsViewController.swift */; };
		F3B0BAF421725CC0003BE09D /* PostDetailsViewController.swift in Sources */ = {isa = PBXBuildFile; fileRef = F3B0BAF321725CC0003BE09D /* PostDetailsViewController.swift */; };
		F3B0BAF921739476003BE09D /* PostDetailsImageCollectionViewCell.swift in Sources */ = {isa = PBXBuildFile; fileRef = F3B0BAF721739476003BE09D /* PostDetailsImageCollectionViewCell.swift */; };
		F3B0BAFA21739476003BE09D /* PostDetailsImageCollectionViewCell.xib in Resources */ = {isa = PBXBuildFile; fileRef = F3B0BAF821739476003BE09D /* PostDetailsImageCollectionViewCell.xib */; };
		F3B0BAFD2173A5EA003BE09D /* EventDetailsViewController.swift in Sources */ = {isa = PBXBuildFile; fileRef = F3B0BAFC2173A5EA003BE09D /* EventDetailsViewController.swift */; };
		F3B0BB002173C1A2003BE09D /* QuizzesViewController.swift in Sources */ = {isa = PBXBuildFile; fileRef = F3B0BAFF2173C1A2003BE09D /* QuizzesViewController.swift */; };
		F3B1E4E8214DAE1700832FE7 /* MainTabBarController.swift in Sources */ = {isa = PBXBuildFile; fileRef = F3B1E4E7214DAE1700832FE7 /* MainTabBarController.swift */; };
		F3B1E4EB214DAFD200832FE7 /* ParentViewController.swift in Sources */ = {isa = PBXBuildFile; fileRef = F3B1E4EA214DAFD200832FE7 /* ParentViewController.swift */; };
		F3B1E4ED214DAFEA00832FE7 /* PostsViewController.swift in Sources */ = {isa = PBXBuildFile; fileRef = F3B1E4EC214DAFEA00832FE7 /* PostsViewController.swift */; };
		F3B1E4F0214DB39000832FE7 /* GalleryViewController.swift in Sources */ = {isa = PBXBuildFile; fileRef = F3B1E4EF214DB39000832FE7 /* GalleryViewController.swift */; };
		F3B1E4F4214DB93800832FE7 /* GalleryCollectionViewCell.swift in Sources */ = {isa = PBXBuildFile; fileRef = F3B1E4F2214DB93800832FE7 /* GalleryCollectionViewCell.swift */; };
		F3B1E4F5214DB93800832FE7 /* GalleryCollectionViewCell.xib in Resources */ = {isa = PBXBuildFile; fileRef = F3B1E4F3214DB93800832FE7 /* GalleryCollectionViewCell.xib */; };
		F3D0EEB7214DD7F7006739B9 /* GallerySkeletonCollectionViewCell.swift in Sources */ = {isa = PBXBuildFile; fileRef = F3D0EEB5214DD7F7006739B9 /* GallerySkeletonCollectionViewCell.swift */; };
		F3D0EEB8214DD7F7006739B9 /* GallerySkeletonCollectionViewCell.xib in Resources */ = {isa = PBXBuildFile; fileRef = F3D0EEB6214DD7F7006739B9 /* GallerySkeletonCollectionViewCell.xib */; };
		F3D0EEBD214DEEEC006739B9 /* PostsSkeletonTableViewCell.swift in Sources */ = {isa = PBXBuildFile; fileRef = F3D0EEBB214DEEEC006739B9 /* PostsSkeletonTableViewCell.swift */; };
		F3D0EEBE214DEEEC006739B9 /* PostsSkeletonTableViewCell.xib in Resources */ = {isa = PBXBuildFile; fileRef = F3D0EEBC214DEEEC006739B9 /* PostsSkeletonTableViewCell.xib */; };
		F3D0EEC2214DF630006739B9 /* GalleryVideoCollectionViewCell.swift in Sources */ = {isa = PBXBuildFile; fileRef = F3D0EEC0214DF630006739B9 /* GalleryVideoCollectionViewCell.swift */; };
		F3D0EEC3214DF630006739B9 /* GalleryVideoCollectionViewCell.xib in Resources */ = {isa = PBXBuildFile; fileRef = F3D0EEC1214DF630006739B9 /* GalleryVideoCollectionViewCell.xib */; };
		F3D0EEC6214E08C6006739B9 /* IssuesViewController.swift in Sources */ = {isa = PBXBuildFile; fileRef = F3D0EEC5214E08C6006739B9 /* IssuesViewController.swift */; };
		F3D0EECA214E0AB7006739B9 /* IssuesHeaderCollectionReusableView.swift in Sources */ = {isa = PBXBuildFile; fileRef = F3D0EEC8214E0AB7006739B9 /* IssuesHeaderCollectionReusableView.swift */; };
		F3D0EECB214E0AB7006739B9 /* IssuesHeaderCollectionReusableView.xib in Resources */ = {isa = PBXBuildFile; fileRef = F3D0EEC9214E0AB7006739B9 /* IssuesHeaderCollectionReusableView.xib */; };
		F3D0EECF214E3807006739B9 /* IssuesCollectionViewCell.swift in Sources */ = {isa = PBXBuildFile; fileRef = F3D0EECD214E3807006739B9 /* IssuesCollectionViewCell.swift */; };
		F3D0EED0214E3807006739B9 /* IssuesCollectionViewCell.xib in Resources */ = {isa = PBXBuildFile; fileRef = F3D0EECE214E3807006739B9 /* IssuesCollectionViewCell.xib */; };
		F3DCA07021592B7E0022FE50 /* CoreTeamCollectionReusableView.swift in Sources */ = {isa = PBXBuildFile; fileRef = F3DCA06E21592B7E0022FE50 /* CoreTeamCollectionReusableView.swift */; };
		F3DCA07121592B7E0022FE50 /* CoreTeamCollectionReusableView.xib in Resources */ = {isa = PBXBuildFile; fileRef = F3DCA06F21592B7E0022FE50 /* CoreTeamCollectionReusableView.xib */; };
/* End PBXBuildFile section */

/* Begin PBXFileReference section */
		02D45C8E86A24096A55086ED /* Pods-Y-PEER.debug.xcconfig */ = {isa = PBXFileReference; includeInIndex = 1; lastKnownFileType = text.xcconfig; name = "Pods-Y-PEER.debug.xcconfig"; path = "Pods/Target Support Files/Pods-Y-PEER/Pods-Y-PEER.debug.xcconfig"; sourceTree = "<group>"; };
		0362A44C5C8DFFCD2E134C3E /* Pods_Y_PEER.framework */ = {isa = PBXFileReference; explicitFileType = wrapper.framework; includeInIndex = 0; path = Pods_Y_PEER.framework; sourceTree = BUILT_PRODUCTS_DIR; };
		304A170E4E59E3209A117E64 /* Pods-Y-PEER.release.xcconfig */ = {isa = PBXFileReference; includeInIndex = 1; lastKnownFileType = text.xcconfig; name = "Pods-Y-PEER.release.xcconfig"; path = "Pods/Target Support Files/Pods-Y-PEER/Pods-Y-PEER.release.xcconfig"; sourceTree = "<group>"; };
		F305B9192159371F005A4818 /* CoreTeamCollectionViewCell.swift */ = {isa = PBXFileReference; lastKnownFileType = sourcecode.swift; path = CoreTeamCollectionViewCell.swift; sourceTree = "<group>"; };
		F305B91A2159371F005A4818 /* CoreTeamCollectionViewCell.xib */ = {isa = PBXFileReference; lastKnownFileType = file.xib; path = CoreTeamCollectionViewCell.xib; sourceTree = "<group>"; };
		F30E3EBD216E0FDF00F75EC0 /* AboutUs.storyboard */ = {isa = PBXFileReference; lastKnownFileType = file.storyboard; path = AboutUs.storyboard; sourceTree = "<group>"; };
		F30E3EC7216E5D8600F75EC0 /* User.storyboard */ = {isa = PBXFileReference; lastKnownFileType = file.storyboard; path = User.storyboard; sourceTree = "<group>"; };
		F30E3ECB216E63F400F75EC0 /* SigninViewController.swift */ = {isa = PBXFileReference; lastKnownFileType = sourcecode.swift; path = SigninViewController.swift; sourceTree = "<group>"; };
		F30E3ECD216E79BD00F75EC0 /* SignupViewController.swift */ = {isa = PBXFileReference; lastKnownFileType = sourcecode.swift; path = SignupViewController.swift; sourceTree = "<group>"; };
		F30E3ECF216E7E7B00F75EC0 /* 1.png */ = {isa = PBXFileReference; lastKnownFileType = image.png; path = 1.png; sourceTree = "<group>"; };
		F30E3ED1216EB5BD00F75EC0 /* ProfileViewController.swift */ = {isa = PBXFileReference; lastKnownFileType = sourcecode.swift; path = ProfileViewController.swift; sourceTree = "<group>"; };
		F30E3ED4216EC17000F75EC0 /* UserCache.swift */ = {isa = PBXFileReference; lastKnownFileType = sourcecode.swift; path = UserCache.swift; sourceTree = "<group>"; };
		F30E3ED6216FBB1000F75EC0 /* SettingsNotificationTableViewCell.swift */ = {isa = PBXFileReference; lastKnownFileType = sourcecode.swift; path = SettingsNotificationTableViewCell.swift; sourceTree = "<group>"; };
		F30E3ED7216FBB1000F75EC0 /* SettingsNotificationTableViewCell.xib */ = {isa = PBXFileReference; lastKnownFileType = file.xib; path = SettingsNotificationTableViewCell.xib; sourceTree = "<group>"; };
		F30E3EDD216FBE7300F75EC0 /* SettingsTableViewHeader.swift */ = {isa = PBXFileReference; lastKnownFileType = sourcecode.swift; path = SettingsTableViewHeader.swift; sourceTree = "<group>"; };
		F30E3EDF216FBE7E00F75EC0 /* SettingsTableViewHeader.xib */ = {isa = PBXFileReference; lastKnownFileType = file.xib; path = SettingsTableViewHeader.xib; sourceTree = "<group>"; };
		F30E3EE2216FC13400F75EC0 /* SettingsLanguageTableViewCell.swift */ = {isa = PBXFileReference; lastKnownFileType = sourcecode.swift; path = SettingsLanguageTableViewCell.swift; sourceTree = "<group>"; };
		F30E3EE3216FC13400F75EC0 /* SettingsLanguageTableViewCell.xib */ = {isa = PBXFileReference; lastKnownFileType = file.xib; path = SettingsLanguageTableViewCell.xib; sourceTree = "<group>"; };
		F30E3EE7216FCE1C00F75EC0 /* RequestNames.swift */ = {isa = PBXFileReference; lastKnownFileType = sourcecode.swift; path = RequestNames.swift; sourceTree = "<group>"; };
		F3131EF4216BB70700B1200E /* PostImageTableViewCell.swift */ = {isa = PBXFileReference; lastKnownFileType = sourcecode.swift; path = PostImageTableViewCell.swift; sourceTree = "<group>"; };
		F3131EF5216BB70700B1200E /* PostImageTableViewCell.xib */ = {isa = PBXFileReference; lastKnownFileType = file.xib; path = PostImageTableViewCell.xib; sourceTree = "<group>"; };
		F3131EF9216BB77100B1200E /* PostsQuizTableViewCell.swift */ = {isa = PBXFileReference; lastKnownFileType = sourcecode.swift; path = PostsQuizTableViewCell.swift; sourceTree = "<group>"; };
		F3131EFA216BB77100B1200E /* PostsQuizTableViewCell.xib */ = {isa = PBXFileReference; lastKnownFileType = file.xib; path = PostsQuizTableViewCell.xib; sourceTree = "<group>"; };
		F3131EFE216BCF1000B1200E /* PostsImageCollectionViewCell.swift */ = {isa = PBXFileReference; lastKnownFileType = sourcecode.swift; path = PostsImageCollectionViewCell.swift; sourceTree = "<group>"; };
		F3131EFF216BCF1000B1200E /* PostsImageCollectionViewCell.xib */ = {isa = PBXFileReference; lastKnownFileType = file.xib; path = PostsImageCollectionViewCell.xib; sourceTree = "<group>"; };
		F323F9BB21C96C6E002BF331 /* PostsModel.swift */ = {isa = PBXFileReference; lastKnownFileType = sourcecode.swift; path = PostsModel.swift; sourceTree = "<group>"; };
		F323F9BE21CAB0E5002BF331 /* IssuesModel.swift */ = {isa = PBXFileReference; lastKnownFileType = sourcecode.swift; path = IssuesModel.swift; sourceTree = "<group>"; };
		F323F9C121CABA13002BF331 /* SigninModel.swift */ = {isa = PBXFileReference; lastKnownFileType = sourcecode.swift; path = SigninModel.swift; sourceTree = "<group>"; };
		F323F9C321CBC39F002BF331 /* ArticlesModel.swift */ = {isa = PBXFileReference; lastKnownFileType = sourcecode.swift; path = ArticlesModel.swift; sourceTree = "<group>"; };
		F323F9E821D2508D002BF331 /* Cache.swift */ = {isa = PBXFileReference; lastKnownFileType = sourcecode.swift; path = Cache.swift; sourceTree = "<group>"; };
		F323F9EA21D252FC002BF331 /* ar-SY */ = {isa = PBXFileReference; lastKnownFileType = text.plist.strings; name = "ar-SY"; path = "ar-SY.lproj/Main.strings"; sourceTree = "<group>"; };
		F323F9EB21D252FC002BF331 /* ar-SY */ = {isa = PBXFileReference; lastKnownFileType = text.plist.strings; name = "ar-SY"; path = "ar-SY.lproj/LaunchScreen.strings"; sourceTree = "<group>"; };
		F323F9EC21D25911002BF331 /* CitiesModel.swift */ = {isa = PBXFileReference; lastKnownFileType = sourcecode.swift; path = CitiesModel.swift; sourceTree = "<group>"; };
		F323F9EE21D25E82002BF331 /* Y-PEER-Bridging-Header.h */ = {isa = PBXFileReference; lastKnownFileType = sourcecode.c.h; path = "Y-PEER-Bridging-Header.h"; sourceTree = "<group>"; };
		F323F9F221D27384002BF331 /* GalleryModel.swift */ = {isa = PBXFileReference; lastKnownFileType = sourcecode.swift; path = GalleryModel.swift; sourceTree = "<group>"; };
		F323F9F521D2A90C002BF331 /* ErrorView.xib */ = {isa = PBXFileReference; lastKnownFileType = file.xib; path = ErrorView.xib; sourceTree = "<group>"; };
		F323F9F721D2A922002BF331 /* ErrorView.swift */ = {isa = PBXFileReference; lastKnownFileType = sourcecode.swift; path = ErrorView.swift; sourceTree = "<group>"; };
		F323F9F921D2A95B002BF331 /* ErrorBackground.png */ = {isa = PBXFileReference; lastKnownFileType = image.png; path = ErrorBackground.png; sourceTree = "<group>"; };
		F32EB3FC21C956D90005FA15 /* Networking.swift */ = {isa = PBXFileReference; lastKnownFileType = sourcecode.swift; path = Networking.swift; sourceTree = "<group>"; };
		F32EB3FF21C959000005FA15 /* GenericModel.swift */ = {isa = PBXFileReference; lastKnownFileType = sourcecode.swift; path = GenericModel.swift; sourceTree = "<group>"; };
		F3303ECE215677B200DF4610 /* Issue.storyboard */ = {isa = PBXFileReference; lastKnownFileType = file.storyboard; path = Issue.storyboard; sourceTree = "<group>"; };
		F3303ED02156796200DF4610 /* IssueViewController.swift */ = {isa = PBXFileReference; lastKnownFileType = sourcecode.swift; path = IssueViewController.swift; sourceTree = "<group>"; };
		F3303ED321567ADC00DF4610 /* IssueTableViewCell.swift */ = {isa = PBXFileReference; lastKnownFileType = sourcecode.swift; path = IssueTableViewCell.swift; sourceTree = "<group>"; };
		F3303ED421567ADC00DF4610 /* IssueTableViewCell.xib */ = {isa = PBXFileReference; lastKnownFileType = file.xib; path = IssueTableViewCell.xib; sourceTree = "<group>"; };
		F3303ED72156C7C000DF4610 /* IssueArticleViewController.swift */ = {isa = PBXFileReference; lastKnownFileType = sourcecode.swift; path = IssueArticleViewController.swift; sourceTree = "<group>"; };
		F3303ED92156CBE500DF4610 /* a.jpg */ = {isa = PBXFileReference; lastKnownFileType = image.jpeg; path = a.jpg; sourceTree = "<group>"; };
		F3303EDD2156D6D900DF4610 /* SettingsViewController.swift */ = {isa = PBXFileReference; lastKnownFileType = sourcecode.swift; path = SettingsViewController.swift; sourceTree = "<group>"; };
		F3303EDF2156D6E300DF4610 /* Settings.storyboard */ = {isa = PBXFileReference; lastKnownFileType = file.storyboard; path = Settings.storyboard; sourceTree = "<group>"; };
		F3303EE22156D7D600DF4610 /* AboutViewController.swift */ = {isa = PBXFileReference; lastKnownFileType = sourcecode.swift; path = AboutViewController.swift; sourceTree = "<group>"; };
		F3303EE52156D88D00DF4610 /* AboutTableViewSectionHeader.swift */ = {isa = PBXFileReference; lastKnownFileType = sourcecode.swift; path = AboutTableViewSectionHeader.swift; sourceTree = "<group>"; };
		F3303EE72156D89600DF4610 /* AboutTableViewSectionHeader.xib */ = {isa = PBXFileReference; lastKnownFileType = file.xib; path = AboutTableViewSectionHeader.xib; sourceTree = "<group>"; };
		F3303EEA2156E48100DF4610 /* AboutDetailsTableViewCell.swift */ = {isa = PBXFileReference; lastKnownFileType = sourcecode.swift; path = AboutDetailsTableViewCell.swift; sourceTree = "<group>"; };
		F3303EEB2156E48100DF4610 /* AboutDetailsTableViewCell.xib */ = {isa = PBXFileReference; lastKnownFileType = file.xib; path = AboutDetailsTableViewCell.xib; sourceTree = "<group>"; };
		F3303EF02156F25300DF4610 /* AboutCoreTeamTableViewCell.swift */ = {isa = PBXFileReference; lastKnownFileType = sourcecode.swift; path = AboutCoreTeamTableViewCell.swift; sourceTree = "<group>"; };
		F3303EF12156F25300DF4610 /* AboutCoreTeamTableViewCell.xib */ = {isa = PBXFileReference; lastKnownFileType = file.xib; path = AboutCoreTeamTableViewCell.xib; sourceTree = "<group>"; };
		F3303EF52156F46F00DF4610 /* AboutCoreTeamCellCollectionViewCell.swift */ = {isa = PBXFileReference; lastKnownFileType = sourcecode.swift; path = AboutCoreTeamCellCollectionViewCell.swift; sourceTree = "<group>"; };
		F3303EF62156F46F00DF4610 /* AboutCoreTeamCellCollectionViewCell.xib */ = {isa = PBXFileReference; lastKnownFileType = file.xib; path = AboutCoreTeamCellCollectionViewCell.xib; sourceTree = "<group>"; };
		F3303EFA2156FF2C00DF4610 /* AboutPartnershipTableViewCell.swift */ = {isa = PBXFileReference; lastKnownFileType = sourcecode.swift; path = AboutPartnershipTableViewCell.swift; sourceTree = "<group>"; };
		F3303EFB2156FF2C00DF4610 /* AboutPartnershipTableViewCell.xib */ = {isa = PBXFileReference; lastKnownFileType = file.xib; path = AboutPartnershipTableViewCell.xib; sourceTree = "<group>"; };
		F3303EFE215700AB00DF4610 /* String Extensions.swift */ = {isa = PBXFileReference; lastKnownFileType = sourcecode.swift; path = "String Extensions.swift"; sourceTree = "<group>"; };
		F3303F012157089600DF4610 /* CoreTeamViewController.swift */ = {isa = PBXFileReference; lastKnownFileType = sourcecode.swift; path = CoreTeamViewController.swift; sourceTree = "<group>"; };
		F33B2D3321D2C392007C728D /* LoadingView.swift */ = {isa = PBXFileReference; lastKnownFileType = sourcecode.swift; path = LoadingView.swift; sourceTree = "<group>"; };
		F33B2D3521D2C39C007C728D /* LoadingView.xib */ = {isa = PBXFileReference; lastKnownFileType = file.xib; path = LoadingView.xib; sourceTree = "<group>"; };
		F33B2D3721D315AC007C728D /* EventsModel.swift */ = {isa = PBXFileReference; lastKnownFileType = sourcecode.swift; path = EventsModel.swift; sourceTree = "<group>"; };
		F33B2D3921D3AD3F007C728D /* QuizzesModel.swift */ = {isa = PBXFileReference; lastKnownFileType = sourcecode.swift; path = QuizzesModel.swift; sourceTree = "<group>"; };
		F33B2D3B21D3B2F2007C728D /* QuizDetailsModel.swift */ = {isa = PBXFileReference; lastKnownFileType = sourcecode.swift; path = QuizDetailsModel.swift; sourceTree = "<group>"; };
		F33B2D3D21D3E746007C728D /* EditProfileModel.swift */ = {isa = PBXFileReference; lastKnownFileType = sourcecode.swift; path = EditProfileModel.swift; sourceTree = "<group>"; };
		F33B2D3F21D3F92F007C728D /* LikeModel.swift */ = {isa = PBXFileReference; lastKnownFileType = sourcecode.swift; path = LikeModel.swift; sourceTree = "<group>"; };
		F33B2D4221D4236A007C728D /* Stories.storyboard */ = {isa = PBXFileReference; lastKnownFileType = file.storyboard; path = Stories.storyboard; sourceTree = "<group>"; };
		F33B2D4421D42456007C728D /* StoriesViewController.swift */ = {isa = PBXFileReference; lastKnownFileType = sourcecode.swift; path = StoriesViewController.swift; sourceTree = "<group>"; };
		F33B2D4621D42467007C728D /* CreateStoryViewController.swift */ = {isa = PBXFileReference; lastKnownFileType = sourcecode.swift; path = CreateStoryViewController.swift; sourceTree = "<group>"; };
		F33B2D4921D67421007C728D /* StoriesTableViewCell.swift */ = {isa = PBXFileReference; lastKnownFileType = sourcecode.swift; path = StoriesTableViewCell.swift; sourceTree = "<group>"; };
		F33B2D4A21D67421007C728D /* StoriesTableViewCell.xib */ = {isa = PBXFileReference; lastKnownFileType = file.xib; path = StoriesTableViewCell.xib; sourceTree = "<group>"; };
		F33B2D4D21D6748B007C728D /* story.png */ = {isa = PBXFileReference; lastKnownFileType = image.png; path = story.png; sourceTree = "<group>"; };
		F33B2D4F21D6772B007C728D /* StoriesModel.swift */ = {isa = PBXFileReference; lastKnownFileType = sourcecode.swift; path = StoriesModel.swift; sourceTree = "<group>"; };
		F33B2D5121D689D9007C728D /* StoryDetailsViewController.swift */ = {isa = PBXFileReference; lastKnownFileType = sourcecode.swift; path = StoryDetailsViewController.swift; sourceTree = "<group>"; };
		F33B2D5321D69277007C728D /* person.png */ = {isa = PBXFileReference; lastKnownFileType = image.png; path = person.png; sourceTree = "<group>"; };
		F33B2D5521D6C307007C728D /* SideMenu.jpg */ = {isa = PBXFileReference; lastKnownFileType = image.jpeg; path = SideMenu.jpg; sourceTree = "<group>"; };
		F33DFA5E2149FB4F00E3194C /* Y-PEER.app */ = {isa = PBXFileReference; explicitFileType = wrapper.application; includeInIndex = 0; path = "Y-PEER.app"; sourceTree = BUILT_PRODUCTS_DIR; };
		F33DFA612149FB4F00E3194C /* AppDelegate.swift */ = {isa = PBXFileReference; lastKnownFileType = sourcecode.swift; path = AppDelegate.swift; sourceTree = "<group>"; };
		F33DFA662149FB4F00E3194C /* Base */ = {isa = PBXFileReference; lastKnownFileType = file.storyboard; name = Base; path = Base.lproj/Main.storyboard; sourceTree = "<group>"; };
		F33DFA682149FB5100E3194C /* Assets.xcassets */ = {isa = PBXFileReference; lastKnownFileType = folder.assetcatalog; path = Assets.xcassets; sourceTree = "<group>"; };
		F33DFA6B2149FB5100E3194C /* Base */ = {isa = PBXFileReference; lastKnownFileType = file.storyboard; name = Base; path = Base.lproj/LaunchScreen.storyboard; sourceTree = "<group>"; };
		F33DFA6D2149FB5100E3194C /* Info.plist */ = {isa = PBXFileReference; lastKnownFileType = text.plist.xml; path = Info.plist; sourceTree = "<group>"; };
		F33DFA76214A074500E3194C /* SideMenu.storyboard */ = {isa = PBXFileReference; lastKnownFileType = file.storyboard; path = SideMenu.storyboard; sourceTree = "<group>"; };
		F33DFA78214A075500E3194C /* SideMenuViewController.swift */ = {isa = PBXFileReference; lastKnownFileType = sourcecode.swift; path = SideMenuViewController.swift; sourceTree = "<group>"; };
		F33DFA7C214A145600E3194C /* UIColor Extension.swift */ = {isa = PBXFileReference; lastKnownFileType = sourcecode.swift; path = "UIColor Extension.swift"; sourceTree = "<group>"; };
		F354AB0621773D29008B9974 /* image-0.jpg */ = {isa = PBXFileReference; lastKnownFileType = image.jpeg; path = "image-0.jpg"; sourceTree = "<group>"; };
		F354AB0721773D29008B9974 /* image-1.jpg */ = {isa = PBXFileReference; lastKnownFileType = image.jpeg; path = "image-1.jpg"; sourceTree = "<group>"; };
		F354AB0821773D29008B9974 /* image-3.jpg */ = {isa = PBXFileReference; lastKnownFileType = image.jpeg; path = "image-3.jpg"; sourceTree = "<group>"; };
		F354AB0921773D29008B9974 /* image-2.jpg */ = {isa = PBXFileReference; lastKnownFileType = image.jpeg; path = "image-2.jpg"; sourceTree = "<group>"; };
		F354AB0A21773D29008B9974 /* image-4.jpg */ = {isa = PBXFileReference; lastKnownFileType = image.jpeg; path = "image-4.jpg"; sourceTree = "<group>"; };
		F36391CC216BE3C4005F747C /* PostsUpcomingEventTableViewCell.swift */ = {isa = PBXFileReference; lastKnownFileType = sourcecode.swift; path = PostsUpcomingEventTableViewCell.swift; sourceTree = "<group>"; };
		F36391CD216BE3C4005F747C /* PostsUpcomingEventTableViewCell.xib */ = {isa = PBXFileReference; lastKnownFileType = file.xib; path = PostsUpcomingEventTableViewCell.xib; sourceTree = "<group>"; };
		F36391D1216CA510005F747C /* PostsTextTableViewCell.swift */ = {isa = PBXFileReference; lastKnownFileType = sourcecode.swift; path = PostsTextTableViewCell.swift; sourceTree = "<group>"; };
		F36391D2216CA510005F747C /* PostsTextTableViewCell.xib */ = {isa = PBXFileReference; lastKnownFileType = file.xib; path = PostsTextTableViewCell.xib; sourceTree = "<group>"; };
		F36391D5216CAB43005F747C /* UIViewController Extensions.swift */ = {isa = PBXFileReference; lastKnownFileType = sourcecode.swift; path = "UIViewController Extensions.swift"; sourceTree = "<group>"; };
		F36391D8216CDECD005F747C /* EventsViewController.swift */ = {isa = PBXFileReference; lastKnownFileType = sourcecode.swift; path = EventsViewController.swift; sourceTree = "<group>"; };
		F36391DB216CE0AD005F747C /* EventsTableViewCell.swift */ = {isa = PBXFileReference; lastKnownFileType = sourcecode.swift; path = EventsTableViewCell.swift; sourceTree = "<group>"; };
		F36391DC216CE0AD005F747C /* EventsTableViewCell.xib */ = {isa = PBXFileReference; lastKnownFileType = file.xib; path = EventsTableViewCell.xib; sourceTree = "<group>"; };
		F3A22B7D2174E29200F5325F /* QuizViewController.swift */ = {isa = PBXFileReference; lastKnownFileType = sourcecode.swift; path = QuizViewController.swift; sourceTree = "<group>"; };
		F3A22B802174E34D00F5325F /* QuizQuestionCollectionViewCell.swift */ = {isa = PBXFileReference; lastKnownFileType = sourcecode.swift; path = QuizQuestionCollectionViewCell.swift; sourceTree = "<group>"; };
		F3A22B812174E34D00F5325F /* QuizQuestionCollectionViewCell.xib */ = {isa = PBXFileReference; lastKnownFileType = file.xib; path = QuizQuestionCollectionViewCell.xib; sourceTree = "<group>"; };
		F3A22B852174ED8B00F5325F /* QuizAnswerTableViewCell.swift */ = {isa = PBXFileReference; lastKnownFileType = sourcecode.swift; path = QuizAnswerTableViewCell.swift; sourceTree = "<group>"; };
		F3A22B862174ED8B00F5325F /* QuizAnswerTableViewCell.xib */ = {isa = PBXFileReference; lastKnownFileType = file.xib; path = QuizAnswerTableViewCell.xib; sourceTree = "<group>"; };
		F3A22B892175EE1B00F5325F /* background.jpg */ = {isa = PBXFileReference; lastKnownFileType = image.jpeg; path = background.jpg; sourceTree = "<group>"; };
		F3A22B8B2176529000F5325F /* QuizResultsViewController.swift */ = {isa = PBXFileReference; lastKnownFileType = sourcecode.swift; path = QuizResultsViewController.swift; sourceTree = "<group>"; };
		F3B0BAF321725CC0003BE09D /* PostDetailsViewController.swift */ = {isa = PBXFileReference; lastKnownFileType = sourcecode.swift; path = PostDetailsViewController.swift; sourceTree = "<group>"; };
		F3B0BAF721739476003BE09D /* PostDetailsImageCollectionViewCell.swift */ = {isa = PBXFileReference; lastKnownFileType = sourcecode.swift; path = PostDetailsImageCollectionViewCell.swift; sourceTree = "<group>"; };
		F3B0BAF821739476003BE09D /* PostDetailsImageCollectionViewCell.xib */ = {isa = PBXFileReference; lastKnownFileType = file.xib; path = PostDetailsImageCollectionViewCell.xib; sourceTree = "<group>"; };
		F3B0BAFC2173A5EA003BE09D /* EventDetailsViewController.swift */ = {isa = PBXFileReference; lastKnownFileType = sourcecode.swift; path = EventDetailsViewController.swift; sourceTree = "<group>"; };
		F3B0BAFF2173C1A2003BE09D /* QuizzesViewController.swift */ = {isa = PBXFileReference; lastKnownFileType = sourcecode.swift; path = QuizzesViewController.swift; sourceTree = "<group>"; };
		F3B1E4E7214DAE1700832FE7 /* MainTabBarController.swift */ = {isa = PBXFileReference; lastKnownFileType = sourcecode.swift; path = MainTabBarController.swift; sourceTree = "<group>"; };
		F3B1E4EA214DAFD200832FE7 /* ParentViewController.swift */ = {isa = PBXFileReference; lastKnownFileType = sourcecode.swift; path = ParentViewController.swift; sourceTree = "<group>"; };
		F3B1E4EC214DAFEA00832FE7 /* PostsViewController.swift */ = {isa = PBXFileReference; lastKnownFileType = sourcecode.swift; path = PostsViewController.swift; sourceTree = "<group>"; };
		F3B1E4EF214DB39000832FE7 /* GalleryViewController.swift */ = {isa = PBXFileReference; lastKnownFileType = sourcecode.swift; path = GalleryViewController.swift; sourceTree = "<group>"; };
		F3B1E4F2214DB93800832FE7 /* GalleryCollectionViewCell.swift */ = {isa = PBXFileReference; lastKnownFileType = sourcecode.swift; path = GalleryCollectionViewCell.swift; sourceTree = "<group>"; };
		F3B1E4F3214DB93800832FE7 /* GalleryCollectionViewCell.xib */ = {isa = PBXFileReference; lastKnownFileType = file.xib; path = GalleryCollectionViewCell.xib; sourceTree = "<group>"; };
		F3D0EEB5214DD7F7006739B9 /* GallerySkeletonCollectionViewCell.swift */ = {isa = PBXFileReference; lastKnownFileType = sourcecode.swift; path = GallerySkeletonCollectionViewCell.swift; sourceTree = "<group>"; };
		F3D0EEB6214DD7F7006739B9 /* GallerySkeletonCollectionViewCell.xib */ = {isa = PBXFileReference; lastKnownFileType = file.xib; path = GallerySkeletonCollectionViewCell.xib; sourceTree = "<group>"; };
		F3D0EEBB214DEEEC006739B9 /* PostsSkeletonTableViewCell.swift */ = {isa = PBXFileReference; lastKnownFileType = sourcecode.swift; path = PostsSkeletonTableViewCell.swift; sourceTree = "<group>"; };
		F3D0EEBC214DEEEC006739B9 /* PostsSkeletonTableViewCell.xib */ = {isa = PBXFileReference; lastKnownFileType = file.xib; path = PostsSkeletonTableViewCell.xib; sourceTree = "<group>"; };
		F3D0EEC0214DF630006739B9 /* GalleryVideoCollectionViewCell.swift */ = {isa = PBXFileReference; lastKnownFileType = sourcecode.swift; path = GalleryVideoCollectionViewCell.swift; sourceTree = "<group>"; };
		F3D0EEC1214DF630006739B9 /* GalleryVideoCollectionViewCell.xib */ = {isa = PBXFileReference; lastKnownFileType = file.xib; path = GalleryVideoCollectionViewCell.xib; sourceTree = "<group>"; };
		F3D0EEC5214E08C6006739B9 /* IssuesViewController.swift */ = {isa = PBXFileReference; lastKnownFileType = sourcecode.swift; path = IssuesViewController.swift; sourceTree = "<group>"; };
		F3D0EEC8214E0AB7006739B9 /* IssuesHeaderCollectionReusableView.swift */ = {isa = PBXFileReference; lastKnownFileType = sourcecode.swift; path = IssuesHeaderCollectionReusableView.swift; sourceTree = "<group>"; };
		F3D0EEC9214E0AB7006739B9 /* IssuesHeaderCollectionReusableView.xib */ = {isa = PBXFileReference; lastKnownFileType = file.xib; path = IssuesHeaderCollectionReusableView.xib; sourceTree = "<group>"; };
		F3D0EECD214E3807006739B9 /* IssuesCollectionViewCell.swift */ = {isa = PBXFileReference; lastKnownFileType = sourcecode.swift; path = IssuesCollectionViewCell.swift; sourceTree = "<group>"; };
		F3D0EECE214E3807006739B9 /* IssuesCollectionViewCell.xib */ = {isa = PBXFileReference; lastKnownFileType = file.xib; path = IssuesCollectionViewCell.xib; sourceTree = "<group>"; };
		F3DCA06E21592B7E0022FE50 /* CoreTeamCollectionReusableView.swift */ = {isa = PBXFileReference; lastKnownFileType = sourcecode.swift; path = CoreTeamCollectionReusableView.swift; sourceTree = "<group>"; };
		F3DCA06F21592B7E0022FE50 /* CoreTeamCollectionReusableView.xib */ = {isa = PBXFileReference; lastKnownFileType = file.xib; path = CoreTeamCollectionReusableView.xib; sourceTree = "<group>"; };
/* End PBXFileReference section */

/* Begin PBXFrameworksBuildPhase section */
		F33DFA5B2149FB4F00E3194C /* Frameworks */ = {
			isa = PBXFrameworksBuildPhase;
			buildActionMask = 2147483647;
			files = (
				7068CC308390E98D046B8106 /* Pods_Y_PEER.framework in Frameworks */,
			);
			runOnlyForDeploymentPostprocessing = 0;
		};
/* End PBXFrameworksBuildPhase section */

/* Begin PBXGroup section */
		39F5180110688FFB4433385F /* Pods */ = {
			isa = PBXGroup;
			children = (
				02D45C8E86A24096A55086ED /* Pods-Y-PEER.debug.xcconfig */,
				304A170E4E59E3209A117E64 /* Pods-Y-PEER.release.xcconfig */,
			);
			name = Pods;
			sourceTree = "<group>";
		};
		5F7D66B596136B8CD1B9EA36 /* Frameworks */ = {
			isa = PBXGroup;
			children = (
				0362A44C5C8DFFCD2E134C3E /* Pods_Y_PEER.framework */,
			);
			name = Frameworks;
			sourceTree = "<group>";
		};
		F305B917215936FE005A4818 /* Cell */ = {
			isa = PBXGroup;
			children = (
				F305B9192159371F005A4818 /* CoreTeamCollectionViewCell.swift */,
				F305B91A2159371F005A4818 /* CoreTeamCollectionViewCell.xib */,
			);
			path = Cell;
			sourceTree = "<group>";
		};
		F30E3EC1216E5A6D00F75EC0 /* Images */ = {
			isa = PBXGroup;
			children = (
				F354AB0621773D29008B9974 /* image-0.jpg */,
				F354AB0721773D29008B9974 /* image-1.jpg */,
				F354AB0921773D29008B9974 /* image-2.jpg */,
				F354AB0821773D29008B9974 /* image-3.jpg */,
				F354AB0A21773D29008B9974 /* image-4.jpg */,
			);
			path = Images;
			sourceTree = "<group>";
		};
		F30E3EC6216E5D5500F75EC0 /* User */ = {
			isa = PBXGroup;
			children = (
				F30E3ECB216E63F400F75EC0 /* SigninViewController.swift */,
				F30E3ECD216E79BD00F75EC0 /* SignupViewController.swift */,
				F30E3ED1216EB5BD00F75EC0 /* ProfileViewController.swift */,
				F30E3EC7216E5D8600F75EC0 /* User.storyboard */,
			);
			path = User;
			sourceTree = "<group>";
		};
		F30E3ED3216EC15400F75EC0 /* Cache */ = {
			isa = PBXGroup;
			children = (
				F30E3ED4216EC17000F75EC0 /* UserCache.swift */,
				F323F9E821D2508D002BF331 /* Cache.swift */,
			);
			path = Cache;
			sourceTree = "<group>";
		};
		F30E3EDA216FBB1400F75EC0 /* Cell */ = {
			isa = PBXGroup;
			children = (
				F30E3EE1216FC11800F75EC0 /* Language */,
				F30E3EDB216FBB1800F75EC0 /* Notification */,
			);
			path = Cell;
			sourceTree = "<group>";
		};
		F30E3EDB216FBB1800F75EC0 /* Notification */ = {
			isa = PBXGroup;
			children = (
				F30E3ED6216FBB1000F75EC0 /* SettingsNotificationTableViewCell.swift */,
				F30E3ED7216FBB1000F75EC0 /* SettingsNotificationTableViewCell.xib */,
			);
			path = Notification;
			sourceTree = "<group>";
		};
		F30E3EDC216FBE5E00F75EC0 /* Header */ = {
			isa = PBXGroup;
			children = (
				F30E3EDD216FBE7300F75EC0 /* SettingsTableViewHeader.swift */,
				F30E3EDF216FBE7E00F75EC0 /* SettingsTableViewHeader.xib */,
			);
			path = Header;
			sourceTree = "<group>";
		};
		F30E3EE1216FC11800F75EC0 /* Language */ = {
			isa = PBXGroup;
			children = (
				F30E3EE2216FC13400F75EC0 /* SettingsLanguageTableViewCell.swift */,
				F30E3EE3216FC13400F75EC0 /* SettingsLanguageTableViewCell.xib */,
			);
			path = Language;
			sourceTree = "<group>";
		};
		F30E3EE6216FCDF900F75EC0 /* Networking */ = {
			isa = PBXGroup;
			children = (
				F32EB3FE21C958AF0005FA15 /* Models */,
				F30E3EE7216FCE1C00F75EC0 /* RequestNames.swift */,
				F32EB3FC21C956D90005FA15 /* Networking.swift */,
			);
			path = Networking;
			sourceTree = "<group>";
		};
		F3131EF3216BB6ED00B1200E /* Image Cell */ = {
			isa = PBXGroup;
			children = (
				F3131EFD216BCEFA00B1200E /* Collection Cell */,
				F3131EF4216BB70700B1200E /* PostImageTableViewCell.swift */,
				F3131EF5216BB70700B1200E /* PostImageTableViewCell.xib */,
			);
			path = "Image Cell";
			sourceTree = "<group>";
		};
		F3131EF8216BB75F00B1200E /* Quiz Cell */ = {
			isa = PBXGroup;
			children = (
				F3131EF9216BB77100B1200E /* PostsQuizTableViewCell.swift */,
				F3131EFA216BB77100B1200E /* PostsQuizTableViewCell.xib */,
			);
			path = "Quiz Cell";
			sourceTree = "<group>";
		};
		F3131EFD216BCEFA00B1200E /* Collection Cell */ = {
			isa = PBXGroup;
			children = (
				F3131EFE216BCF1000B1200E /* PostsImageCollectionViewCell.swift */,
				F3131EFF216BCF1000B1200E /* PostsImageCollectionViewCell.xib */,
			);
			path = "Collection Cell";
			sourceTree = "<group>";
		};
		F323F9BD21CAB0D9002BF331 /* Issues */ = {
			isa = PBXGroup;
			children = (
				F323F9BE21CAB0E5002BF331 /* IssuesModel.swift */,
				F323F9C321CBC39F002BF331 /* ArticlesModel.swift */,
			);
			path = Issues;
			sourceTree = "<group>";
		};
		F323F9C021CABA08002BF331 /* User */ = {
			isa = PBXGroup;
			children = (
				F323F9C121CABA13002BF331 /* SigninModel.swift */,
				F33B2D3D21D3E746007C728D /* EditProfileModel.swift */,
			);
			path = User;
			sourceTree = "<group>";
		};
		F323F9F421D2A8CF002BF331 /* ErrorView */ = {
			isa = PBXGroup;
			children = (
				F323F9F921D2A95B002BF331 /* ErrorBackground.png */,
				F323F9F721D2A922002BF331 /* ErrorView.swift */,
				F323F9F521D2A90C002BF331 /* ErrorView.xib */,
			);
			path = ErrorView;
			sourceTree = "<group>";
		};
		F32EB3FE21C958AF0005FA15 /* Models */ = {
			isa = PBXGroup;
			children = (
				F323F9C021CABA08002BF331 /* User */,
				F323F9BD21CAB0D9002BF331 /* Issues */,
				F32EB3FF21C959000005FA15 /* GenericModel.swift */,
				F323F9BB21C96C6E002BF331 /* PostsModel.swift */,
				F323F9EC21D25911002BF331 /* CitiesModel.swift */,
				F323F9F221D27384002BF331 /* GalleryModel.swift */,
				F33B2D3721D315AC007C728D /* EventsModel.swift */,
				F33B2D3921D3AD3F007C728D /* QuizzesModel.swift */,
				F33B2D3B21D3B2F2007C728D /* QuizDetailsModel.swift */,
				F33B2D3F21D3F92F007C728D /* LikeModel.swift */,
				F33B2D4F21D6772B007C728D /* StoriesModel.swift */,
			);
			path = Models;
			sourceTree = "<group>";
		};
		F3303ECD2156779C00DF4610 /* Issue */ = {
			isa = PBXGroup;
			children = (
				F3303ED221567ACA00DF4610 /* Cell */,
				F3303ED02156796200DF4610 /* IssueViewController.swift */,
				F3303ED72156C7C000DF4610 /* IssueArticleViewController.swift */,
				F3303ECE215677B200DF4610 /* Issue.storyboard */,
			);
			path = Issue;
			sourceTree = "<group>";
		};
		F3303ED221567ACA00DF4610 /* Cell */ = {
			isa = PBXGroup;
			children = (
				F3303ED321567ADC00DF4610 /* IssueTableViewCell.swift */,
				F3303ED421567ADC00DF4610 /* IssueTableViewCell.xib */,
			);
			path = Cell;
			sourceTree = "<group>";
		};
		F3303EDC2156D6BC00DF4610 /* Settings */ = {
			isa = PBXGroup;
			children = (
				F30E3EDC216FBE5E00F75EC0 /* Header */,
				F30E3EDA216FBB1400F75EC0 /* Cell */,
				F3303EDD2156D6D900DF4610 /* SettingsViewController.swift */,
				F3303EDF2156D6E300DF4610 /* Settings.storyboard */,
			);
			path = Settings;
			sourceTree = "<group>";
		};
		F3303EE12156D7C300DF4610 /* About Us */ = {
			isa = PBXGroup;
			children = (
				F3303F002157087C00DF4610 /* Core Team */,
				F3303EE92156E44E00DF4610 /* Cells */,
				F3303EE42156D86F00DF4610 /* Header */,
				F3303EE22156D7D600DF4610 /* AboutViewController.swift */,
				F30E3EBD216E0FDF00F75EC0 /* AboutUs.storyboard */,
			);
			path = "About Us";
			sourceTree = "<group>";
		};
		F3303EE42156D86F00DF4610 /* Header */ = {
			isa = PBXGroup;
			children = (
				F3303EE52156D88D00DF4610 /* AboutTableViewSectionHeader.swift */,
				F3303EE72156D89600DF4610 /* AboutTableViewSectionHeader.xib */,
			);
			path = Header;
			sourceTree = "<group>";
		};
		F3303EE92156E44E00DF4610 /* Cells */ = {
			isa = PBXGroup;
			children = (
				F3303EF92156FF0E00DF4610 /* Partnership */,
				F3303EEF2156F23E00DF4610 /* Core Team */,
				F3303EEE2156F23300DF4610 /* Details */,
			);
			path = Cells;
			sourceTree = "<group>";
		};
		F3303EEE2156F23300DF4610 /* Details */ = {
			isa = PBXGroup;
			children = (
				F3303EEA2156E48100DF4610 /* AboutDetailsTableViewCell.swift */,
				F3303EEB2156E48100DF4610 /* AboutDetailsTableViewCell.xib */,
			);
			path = Details;
			sourceTree = "<group>";
		};
		F3303EEF2156F23E00DF4610 /* Core Team */ = {
			isa = PBXGroup;
			children = (
				F3303EF42156F45200DF4610 /* Collection Cell */,
				F3303EF02156F25300DF4610 /* AboutCoreTeamTableViewCell.swift */,
				F3303EF12156F25300DF4610 /* AboutCoreTeamTableViewCell.xib */,
			);
			path = "Core Team";
			sourceTree = "<group>";
		};
		F3303EF42156F45200DF4610 /* Collection Cell */ = {
			isa = PBXGroup;
			children = (
				F3303EF52156F46F00DF4610 /* AboutCoreTeamCellCollectionViewCell.swift */,
				F3303EF62156F46F00DF4610 /* AboutCoreTeamCellCollectionViewCell.xib */,
			);
			path = "Collection Cell";
			sourceTree = "<group>";
		};
		F3303EF92156FF0E00DF4610 /* Partnership */ = {
			isa = PBXGroup;
			children = (
				F3303EFA2156FF2C00DF4610 /* AboutPartnershipTableViewCell.swift */,
				F3303EFB2156FF2C00DF4610 /* AboutPartnershipTableViewCell.xib */,
			);
			path = Partnership;
			sourceTree = "<group>";
		};
		F3303F002157087C00DF4610 /* Core Team */ = {
			isa = PBXGroup;
			children = (
				F305B917215936FE005A4818 /* Cell */,
				F3303F032157093300DF4610 /* Header */,
				F3303F012157089600DF4610 /* CoreTeamViewController.swift */,
			);
			path = "Core Team";
			sourceTree = "<group>";
		};
		F3303F032157093300DF4610 /* Header */ = {
			isa = PBXGroup;
			children = (
				F3DCA06E21592B7E0022FE50 /* CoreTeamCollectionReusableView.swift */,
				F3DCA06F21592B7E0022FE50 /* CoreTeamCollectionReusableView.xib */,
			);
			path = Header;
			sourceTree = "<group>";
		};
		F33B2D3121D2C370007C728D /* Views */ = {
			isa = PBXGroup;
			children = (
				F33B2D3221D2C37A007C728D /* Loading View */,
				F323F9F421D2A8CF002BF331 /* ErrorView */,
			);
			path = Views;
			sourceTree = "<group>";
		};
		F33B2D3221D2C37A007C728D /* Loading View */ = {
			isa = PBXGroup;
			children = (
				F33B2D3321D2C392007C728D /* LoadingView.swift */,
				F33B2D3521D2C39C007C728D /* LoadingView.xib */,
			);
			path = "Loading View";
			sourceTree = "<group>";
		};
		F33B2D4121D4235B007C728D /* Stories */ = {
			isa = PBXGroup;
			children = (
				F33B2D4821D67408007C728D /* Cell */,
				F33B2D4421D42456007C728D /* StoriesViewController.swift */,
				F33B2D4621D42467007C728D /* CreateStoryViewController.swift */,
				F33B2D5121D689D9007C728D /* StoryDetailsViewController.swift */,
				F33B2D4221D4236A007C728D /* Stories.storyboard */,
			);
			path = Stories;
			sourceTree = "<group>";
		};
		F33B2D4821D67408007C728D /* Cell */ = {
			isa = PBXGroup;
			children = (
				F33B2D5321D69277007C728D /* person.png */,
				F33B2D4D21D6748B007C728D /* story.png */,
				F33B2D4921D67421007C728D /* StoriesTableViewCell.swift */,
				F33B2D4A21D67421007C728D /* StoriesTableViewCell.xib */,
			);
			path = Cell;
			sourceTree = "<group>";
		};
		F33DFA552149FB4F00E3194C = {
			isa = PBXGroup;
			children = (
				F33DFA602149FB4F00E3194C /* Y-PEER */,
				F33DFA5F2149FB4F00E3194C /* Products */,
				39F5180110688FFB4433385F /* Pods */,
				5F7D66B596136B8CD1B9EA36 /* Frameworks */,
			);
			sourceTree = "<group>";
		};
		F33DFA5F2149FB4F00E3194C /* Products */ = {
			isa = PBXGroup;
			children = (
				F33DFA5E2149FB4F00E3194C /* Y-PEER.app */,
			);
			name = Products;
			sourceTree = "<group>";
		};
		F33DFA602149FB4F00E3194C /* Y-PEER */ = {
			isa = PBXGroup;
			children = (
				F33B2D4121D4235B007C728D /* Stories */,
				F33B2D3121D2C370007C728D /* Views */,
				F3A22B892175EE1B00F5325F /* background.jpg */,
				F30E3EE6216FCDF900F75EC0 /* Networking */,
				F33DFA7B214A144000E3194C /* Extensions */,
				F30E3ED3216EC15400F75EC0 /* Cache */,
				F30E3EC1216E5A6D00F75EC0 /* Images */,
				F3B1E4EA214DAFD200832FE7 /* ParentViewController.swift */,
				F30E3EC6216E5D5500F75EC0 /* User */,
				F33DFA75214A057A00E3194C /* Side Menu */,
				F3B1E4E6214DADF900832FE7 /* Main */,
				F3303EDC2156D6BC00DF4610 /* Settings */,
				F3303EE12156D7C300DF4610 /* About Us */,
				F33DFA612149FB4F00E3194C /* AppDelegate.swift */,
				F33DFA682149FB5100E3194C /* Assets.xcassets */,
				F33DFA6A2149FB5100E3194C /* LaunchScreen.storyboard */,
				F33DFA6D2149FB5100E3194C /* Info.plist */,
				F30E3ECF216E7E7B00F75EC0 /* 1.png */,
				F3303ED92156CBE500DF4610 /* a.jpg */,
				F323F9EE21D25E82002BF331 /* Y-PEER-Bridging-Header.h */,
			);
			path = "Y-PEER";
			sourceTree = "<group>";
		};
		F33DFA75214A057A00E3194C /* Side Menu */ = {
			isa = PBXGroup;
			children = (
				F33B2D5521D6C307007C728D /* SideMenu.jpg */,
				F33DFA78214A075500E3194C /* SideMenuViewController.swift */,
				F33DFA76214A074500E3194C /* SideMenu.storyboard */,
			);
			path = "Side Menu";
			sourceTree = "<group>";
		};
		F33DFA7B214A144000E3194C /* Extensions */ = {
			isa = PBXGroup;
			children = (
				F33DFA7C214A145600E3194C /* UIColor Extension.swift */,
				F3303EFE215700AB00DF4610 /* String Extensions.swift */,
				F36391D5216CAB43005F747C /* UIViewController Extensions.swift */,
			);
			path = Extensions;
			sourceTree = "<group>";
		};
		F36391CB216BE3B0005F747C /* Upcoming Event */ = {
			isa = PBXGroup;
			children = (
				F36391CC216BE3C4005F747C /* PostsUpcomingEventTableViewCell.swift */,
				F36391CD216BE3C4005F747C /* PostsUpcomingEventTableViewCell.xib */,
			);
			path = "Upcoming Event";
			sourceTree = "<group>";
		};
		F36391D0216CA4FF005F747C /* Text Cell */ = {
			isa = PBXGroup;
			children = (
				F36391D1216CA510005F747C /* PostsTextTableViewCell.swift */,
				F36391D2216CA510005F747C /* PostsTextTableViewCell.xib */,
			);
			path = "Text Cell";
			sourceTree = "<group>";
		};
		F36391D7216CDEB4005F747C /* Events */ = {
			isa = PBXGroup;
			children = (
				F3B0BAFB2173A579003BE09D /* Event Details */,
				F36391DA216CE09A005F747C /* Cell */,
				F36391D8216CDECD005F747C /* EventsViewController.swift */,
			);
			path = Events;
			sourceTree = "<group>";
		};
		F36391DA216CE09A005F747C /* Cell */ = {
			isa = PBXGroup;
			children = (
				F36391DB216CE0AD005F747C /* EventsTableViewCell.swift */,
				F36391DC216CE0AD005F747C /* EventsTableViewCell.xib */,
			);
			path = Cell;
			sourceTree = "<group>";
		};
		F3A22B7F2174E31800F5325F /* Question Cell */ = {
			isa = PBXGroup;
			children = (
				F3A22B842174ED6F00F5325F /* Answer Cell */,
				F3A22B802174E34D00F5325F /* QuizQuestionCollectionViewCell.swift */,
				F3A22B812174E34D00F5325F /* QuizQuestionCollectionViewCell.xib */,
			);
			path = "Question Cell";
			sourceTree = "<group>";
		};
		F3A22B842174ED6F00F5325F /* Answer Cell */ = {
			isa = PBXGroup;
			children = (
				F3A22B852174ED8B00F5325F /* QuizAnswerTableViewCell.swift */,
				F3A22B862174ED8B00F5325F /* QuizAnswerTableViewCell.xib */,
			);
			path = "Answer Cell";
			sourceTree = "<group>";
		};
		F3B0BAF52173945A003BE09D /* Details */ = {
			isa = PBXGroup;
			children = (
				F3B0BAF621739463003BE09D /* Cell */,
				F3B0BAF321725CC0003BE09D /* PostDetailsViewController.swift */,
			);
			path = Details;
			sourceTree = "<group>";
		};
		F3B0BAF621739463003BE09D /* Cell */ = {
			isa = PBXGroup;
			children = (
				F3B0BAF721739476003BE09D /* PostDetailsImageCollectionViewCell.swift */,
				F3B0BAF821739476003BE09D /* PostDetailsImageCollectionViewCell.xib */,
			);
			path = Cell;
			sourceTree = "<group>";
		};
		F3B0BAFB2173A579003BE09D /* Event Details */ = {
			isa = PBXGroup;
			children = (
				F3B0BAFC2173A5EA003BE09D /* EventDetailsViewController.swift */,
			);
			path = "Event Details";
			sourceTree = "<group>";
		};
		F3B0BAFE2173C0C4003BE09D /* Quizzes */ = {
			isa = PBXGroup;
			children = (
				F3A22B7F2174E31800F5325F /* Question Cell */,
				F3B0BAFF2173C1A2003BE09D /* QuizzesViewController.swift */,
				F3A22B7D2174E29200F5325F /* QuizViewController.swift */,
				F3A22B8B2176529000F5325F /* QuizResultsViewController.swift */,
			);
			path = Quizzes;
			sourceTree = "<group>";
		};
		F3B1E4E6214DADF900832FE7 /* Main */ = {
			isa = PBXGroup;
			children = (
				F36391D7216CDEB4005F747C /* Events */,
				F3B1E4E9214DAFAE00832FE7 /* Posts */,
				F3B1E4EE214DB37E00832FE7 /* Gallery */,
				F3D0EEC4214E08AD006739B9 /* Issues */,
				F3B0BAFE2173C0C4003BE09D /* Quizzes */,
				F3B1E4E7214DAE1700832FE7 /* MainTabBarController.swift */,
				F33DFA652149FB4F00E3194C /* Main.storyboard */,
			);
			path = Main;
			sourceTree = "<group>";
		};
		F3B1E4E9214DAFAE00832FE7 /* Posts */ = {
			isa = PBXGroup;
			children = (
				F3B0BAF52173945A003BE09D /* Details */,
				F3D0EEB9214DEEC9006739B9 /* Cell */,
				F3B1E4EC214DAFEA00832FE7 /* PostsViewController.swift */,
			);
			path = Posts;
			sourceTree = "<group>";
		};
		F3B1E4EE214DB37E00832FE7 /* Gallery */ = {
			isa = PBXGroup;
			children = (
				F3D0EEBF214DF615006739B9 /* Video Cell */,
				F3B1E4F1214DB91E00832FE7 /* Gallery Cell */,
				F3B1E4EF214DB39000832FE7 /* GalleryViewController.swift */,
			);
			path = Gallery;
			sourceTree = "<group>";
		};
		F3B1E4F1214DB91E00832FE7 /* Gallery Cell */ = {
			isa = PBXGroup;
			children = (
				F3B1E4F6214DD7B100832FE7 /* Skeleton Cell */,
				F3B1E4F2214DB93800832FE7 /* GalleryCollectionViewCell.swift */,
				F3B1E4F3214DB93800832FE7 /* GalleryCollectionViewCell.xib */,
			);
			path = "Gallery Cell";
			sourceTree = "<group>";
		};
		F3B1E4F6214DD7B100832FE7 /* Skeleton Cell */ = {
			isa = PBXGroup;
			children = (
				F3D0EEB5214DD7F7006739B9 /* GallerySkeletonCollectionViewCell.swift */,
				F3D0EEB6214DD7F7006739B9 /* GallerySkeletonCollectionViewCell.xib */,
			);
			path = "Skeleton Cell";
			sourceTree = "<group>";
		};
		F3D0EEB9214DEEC9006739B9 /* Cell */ = {
			isa = PBXGroup;
			children = (
				F36391D0216CA4FF005F747C /* Text Cell */,
				F36391CB216BE3B0005F747C /* Upcoming Event */,
				F3131EF8216BB75F00B1200E /* Quiz Cell */,
				F3131EF3216BB6ED00B1200E /* Image Cell */,
				F3D0EEBA214DEECE006739B9 /* Skeleton Cell */,
			);
			path = Cell;
			sourceTree = "<group>";
		};
		F3D0EEBA214DEECE006739B9 /* Skeleton Cell */ = {
			isa = PBXGroup;
			children = (
				F3D0EEBB214DEEEC006739B9 /* PostsSkeletonTableViewCell.swift */,
				F3D0EEBC214DEEEC006739B9 /* PostsSkeletonTableViewCell.xib */,
			);
			path = "Skeleton Cell";
			sourceTree = "<group>";
		};
		F3D0EEBF214DF615006739B9 /* Video Cell */ = {
			isa = PBXGroup;
			children = (
				F3D0EEC0214DF630006739B9 /* GalleryVideoCollectionViewCell.swift */,
				F3D0EEC1214DF630006739B9 /* GalleryVideoCollectionViewCell.xib */,
			);
			path = "Video Cell";
			sourceTree = "<group>";
		};
		F3D0EEC4214E08AD006739B9 /* Issues */ = {
			isa = PBXGroup;
			children = (
				F3303ECD2156779C00DF4610 /* Issue */,
				F3D0EECC214E37EC006739B9 /* Cell */,
				F3D0EEC7214E0A9A006739B9 /* Header */,
				F3D0EEC5214E08C6006739B9 /* IssuesViewController.swift */,
			);
			path = Issues;
			sourceTree = "<group>";
		};
		F3D0EEC7214E0A9A006739B9 /* Header */ = {
			isa = PBXGroup;
			children = (
				F3D0EEC8214E0AB7006739B9 /* IssuesHeaderCollectionReusableView.swift */,
				F3D0EEC9214E0AB7006739B9 /* IssuesHeaderCollectionReusableView.xib */,
			);
			path = Header;
			sourceTree = "<group>";
		};
		F3D0EECC214E37EC006739B9 /* Cell */ = {
			isa = PBXGroup;
			children = (
				F3D0EECD214E3807006739B9 /* IssuesCollectionViewCell.swift */,
				F3D0EECE214E3807006739B9 /* IssuesCollectionViewCell.xib */,
			);
			path = Cell;
			sourceTree = "<group>";
		};
/* End PBXGroup section */

/* Begin PBXNativeTarget section */
		F33DFA5D2149FB4F00E3194C /* Y-PEER */ = {
			isa = PBXNativeTarget;
			buildConfigurationList = F33DFA702149FB5100E3194C /* Build configuration list for PBXNativeTarget "Y-PEER" */;
			buildPhases = (
				A09C6E938618435E7A9B1286 /* [CP] Check Pods Manifest.lock */,
				F33DFA5A2149FB4F00E3194C /* Sources */,
				F33DFA5B2149FB4F00E3194C /* Frameworks */,
				F33DFA5C2149FB4F00E3194C /* Resources */,
				A3675BEC7D6E6E7D8FA98E8C /* [CP] Embed Pods Frameworks */,
			);
			buildRules = (
			);
			dependencies = (
			);
			name = "Y-PEER";
			productName = "Y-PEER";
			productReference = F33DFA5E2149FB4F00E3194C /* Y-PEER.app */;
			productType = "com.apple.product-type.application";
		};
/* End PBXNativeTarget section */

/* Begin PBXProject section */
		F33DFA562149FB4F00E3194C /* Project object */ = {
			isa = PBXProject;
			attributes = {
				LastSwiftUpdateCheck = 0940;
				LastUpgradeCheck = 0940;
				ORGANIZATIONNAME = "Majd Ajaj";
				TargetAttributes = {
					F33DFA5D2149FB4F00E3194C = {
						CreatedOnToolsVersion = 9.4.1;
						LastSwiftMigration = 1010;
					};
				};
			};
			buildConfigurationList = F33DFA592149FB4F00E3194C /* Build configuration list for PBXProject "Y-PEER" */;
			compatibilityVersion = "Xcode 9.3";
			developmentRegion = en;
			hasScannedForEncodings = 0;
			knownRegions = (
				en,
				Base,
			);
			mainGroup = F33DFA552149FB4F00E3194C;
			productRefGroup = F33DFA5F2149FB4F00E3194C /* Products */;
			projectDirPath = "";
			projectRoot = "";
			targets = (
				F33DFA5D2149FB4F00E3194C /* Y-PEER */,
			);
		};
/* End PBXProject section */

/* Begin PBXResourcesBuildPhase section */
		F33DFA5C2149FB4F00E3194C /* Resources */ = {
			isa = PBXResourcesBuildPhase;
			buildActionMask = 2147483647;
			files = (
				F30E3EBE216E0FDF00F75EC0 /* AboutUs.storyboard in Resources */,
				F36391CF216BE3C4005F747C /* PostsUpcomingEventTableViewCell.xib in Resources */,
				F354AB0B21773D29008B9974 /* image-0.jpg in Resources */,
				F3D0EED0214E3807006739B9 /* IssuesCollectionViewCell.xib in Resources */,
				F33DFA77214A074500E3194C /* SideMenu.storyboard in Resources */,
				F3A22B8A2175EE1B00F5325F /* background.jpg in Resources */,
				F3A22B882174ED8B00F5325F /* QuizAnswerTableViewCell.xib in Resources */,
				F3303EED2156E48100DF4610 /* AboutDetailsTableViewCell.xib in Resources */,
				F33B2D4C21D67421007C728D /* StoriesTableViewCell.xib in Resources */,
				F3131EF7216BB70700B1200E /* PostImageTableViewCell.xib in Resources */,
				F3D0EECB214E0AB7006739B9 /* IssuesHeaderCollectionReusableView.xib in Resources */,
				F33DFA6C2149FB5100E3194C /* LaunchScreen.storyboard in Resources */,
				F3131EFC216BB77100B1200E /* PostsQuizTableViewCell.xib in Resources */,
				F33B2D4E21D6748B007C728D /* story.png in Resources */,
				F3B0BAFA21739476003BE09D /* PostDetailsImageCollectionViewCell.xib in Resources */,
				F354AB0D21773D29008B9974 /* image-3.jpg in Resources */,
				F354AB0F21773D29008B9974 /* image-4.jpg in Resources */,
				F30E3EE0216FBE7E00F75EC0 /* SettingsTableViewHeader.xib in Resources */,
				F3303EE82156D89600DF4610 /* AboutTableViewSectionHeader.xib in Resources */,
				F323F9FA21D2A95B002BF331 /* ErrorBackground.png in Resources */,
				F3303ECF215677B200DF4610 /* Issue.storyboard in Resources */,
				F3D0EEB8214DD7F7006739B9 /* GallerySkeletonCollectionViewCell.xib in Resources */,
				F33B2D4321D4236A007C728D /* Stories.storyboard in Resources */,
				F33DFA692149FB5100E3194C /* Assets.xcassets in Resources */,
				F3303ED621567ADC00DF4610 /* IssueTableViewCell.xib in Resources */,
				F3303EDA2156CBE500DF4610 /* a.jpg in Resources */,
				F30E3EC8216E5D8600F75EC0 /* User.storyboard in Resources */,
				F33B2D3621D2C39C007C728D /* LoadingView.xib in Resources */,
				F36391DE216CE0AD005F747C /* EventsTableViewCell.xib in Resources */,
				F30E3ED9216FBB1000F75EC0 /* SettingsNotificationTableViewCell.xib in Resources */,
				F3303EF32156F25300DF4610 /* AboutCoreTeamTableViewCell.xib in Resources */,
				F3B1E4F5214DB93800832FE7 /* GalleryCollectionViewCell.xib in Resources */,
				F3DCA07121592B7E0022FE50 /* CoreTeamCollectionReusableView.xib in Resources */,
				F3131F01216BCF1000B1200E /* PostsImageCollectionViewCell.xib in Resources */,
				F3D0EEC3214DF630006739B9 /* GalleryVideoCollectionViewCell.xib in Resources */,
				F3303EF82156F46F00DF4610 /* AboutCoreTeamCellCollectionViewCell.xib in Resources */,
				F354AB0C21773D29008B9974 /* image-1.jpg in Resources */,
				F3D0EEBE214DEEEC006739B9 /* PostsSkeletonTableViewCell.xib in Resources */,
				F305B91C2159371F005A4818 /* CoreTeamCollectionViewCell.xib in Resources */,
				F36391D4216CA510005F747C /* PostsTextTableViewCell.xib in Resources */,
				F30E3ED0216E7E7B00F75EC0 /* 1.png in Resources */,
				F3A22B832174E34D00F5325F /* QuizQuestionCollectionViewCell.xib in Resources */,
				F33B2D5621D6C307007C728D /* SideMenu.jpg in Resources */,
				F3303EFD2156FF2C00DF4610 /* AboutPartnershipTableViewCell.xib in Resources */,
				F354AB0E21773D29008B9974 /* image-2.jpg in Resources */,
				F33DFA672149FB4F00E3194C /* Main.storyboard in Resources */,
				F323F9F621D2A90C002BF331 /* ErrorView.xib in Resources */,
				F3303EE02156D6E300DF4610 /* Settings.storyboard in Resources */,
				F30E3EE5216FC13400F75EC0 /* SettingsLanguageTableViewCell.xib in Resources */,
				F33B2D5421D69278007C728D /* person.png in Resources */,
			);
			runOnlyForDeploymentPostprocessing = 0;
		};
/* End PBXResourcesBuildPhase section */

/* Begin PBXShellScriptBuildPhase section */
		A09C6E938618435E7A9B1286 /* [CP] Check Pods Manifest.lock */ = {
			isa = PBXShellScriptBuildPhase;
			buildActionMask = 2147483647;
			files = (
			);
			inputPaths = (
				"${PODS_PODFILE_DIR_PATH}/Podfile.lock",
				"${PODS_ROOT}/Manifest.lock",
			);
			name = "[CP] Check Pods Manifest.lock";
			outputPaths = (
				"$(DERIVED_FILE_DIR)/Pods-Y-PEER-checkManifestLockResult.txt",
			);
			runOnlyForDeploymentPostprocessing = 0;
			shellPath = /bin/sh;
			shellScript = "diff \"${PODS_PODFILE_DIR_PATH}/Podfile.lock\" \"${PODS_ROOT}/Manifest.lock\" > /dev/null\nif [ $? != 0 ] ; then\n    # print error to STDERR\n    echo \"error: The sandbox is not in sync with the Podfile.lock. Run 'pod install' or update your CocoaPods installation.\" >&2\n    exit 1\nfi\n# This output is used by Xcode 'outputs' to avoid re-running this script phase.\necho \"SUCCESS\" > \"${SCRIPT_OUTPUT_FILE_0}\"\n";
			showEnvVarsInLog = 0;
		};
		A3675BEC7D6E6E7D8FA98E8C /* [CP] Embed Pods Frameworks */ = {
			isa = PBXShellScriptBuildPhase;
			buildActionMask = 2147483647;
			files = (
			);
			inputPaths = (
				"${SRCROOT}/Pods/Target Support Files/Pods-Y-PEER/Pods-Y-PEER-frameworks.sh",
				"${BUILT_PRODUCTS_DIR}/Alamofire/Alamofire.framework",
				"${BUILT_PRODUCTS_DIR}/Cache/Cache.framework",
				"${BUILT_PRODUCTS_DIR}/FMMosaicLayout/FMMosaicLayout.framework",
				"${BUILT_PRODUCTS_DIR}/FlexiblePageControl/FlexiblePageControl.framework",
				"${BUILT_PRODUCTS_DIR}/Imaginary/Imaginary.framework",
				"${BUILT_PRODUCTS_DIR}/Kingfisher/Kingfisher.framework",
				"${BUILT_PRODUCTS_DIR}/Lightbox/Lightbox.framework",
				"${BUILT_PRODUCTS_DIR}/NSDate+TimeAgo/NSDate_TimeAgo.framework",
				"${BUILT_PRODUCTS_DIR}/NVActivityIndicatorView/NVActivityIndicatorView.framework",
				"${BUILT_PRODUCTS_DIR}/Presentr/Presentr.framework",
				"${BUILT_PRODUCTS_DIR}/SideMenu/SideMenu.framework",
				"${BUILT_PRODUCTS_DIR}/SkeletonView/SkeletonView.framework",
				"${BUILT_PRODUCTS_DIR}/SwiftyJSON/SwiftyJSON.framework",
				"${BUILT_PRODUCTS_DIR}/Toaster/Toaster.framework",
				"${BUILT_PRODUCTS_DIR}/UIScrollView-InfiniteScroll/UIScrollView_InfiniteScroll.framework",
			);
			name = "[CP] Embed Pods Frameworks";
			outputPaths = (
				"${TARGET_BUILD_DIR}/${FRAMEWORKS_FOLDER_PATH}/Alamofire.framework",
				"${TARGET_BUILD_DIR}/${FRAMEWORKS_FOLDER_PATH}/Cache.framework",
				"${TARGET_BUILD_DIR}/${FRAMEWORKS_FOLDER_PATH}/FMMosaicLayout.framework",
				"${TARGET_BUILD_DIR}/${FRAMEWORKS_FOLDER_PATH}/FlexiblePageControl.framework",
				"${TARGET_BUILD_DIR}/${FRAMEWORKS_FOLDER_PATH}/Imaginary.framework",
				"${TARGET_BUILD_DIR}/${FRAMEWORKS_FOLDER_PATH}/Kingfisher.framework",
				"${TARGET_BUILD_DIR}/${FRAMEWORKS_FOLDER_PATH}/Lightbox.framework",
				"${TARGET_BUILD_DIR}/${FRAMEWORKS_FOLDER_PATH}/NSDate_TimeAgo.framework",
				"${TARGET_BUILD_DIR}/${FRAMEWORKS_FOLDER_PATH}/NVActivityIndicatorView.framework",
				"${TARGET_BUILD_DIR}/${FRAMEWORKS_FOLDER_PATH}/Presentr.framework",
				"${TARGET_BUILD_DIR}/${FRAMEWORKS_FOLDER_PATH}/SideMenu.framework",
				"${TARGET_BUILD_DIR}/${FRAMEWORKS_FOLDER_PATH}/SkeletonView.framework",
				"${TARGET_BUILD_DIR}/${FRAMEWORKS_FOLDER_PATH}/SwiftyJSON.framework",
				"${TARGET_BUILD_DIR}/${FRAMEWORKS_FOLDER_PATH}/Toaster.framework",
				"${TARGET_BUILD_DIR}/${FRAMEWORKS_FOLDER_PATH}/UIScrollView_InfiniteScroll.framework",
			);
			runOnlyForDeploymentPostprocessing = 0;
			shellPath = /bin/sh;
			shellScript = "\"${SRCROOT}/Pods/Target Support Files/Pods-Y-PEER/Pods-Y-PEER-frameworks.sh\"\n";
			showEnvVarsInLog = 0;
		};
/* End PBXShellScriptBuildPhase section */

/* Begin PBXSourcesBuildPhase section */
		F33DFA5A2149FB4F00E3194C /* Sources */ = {
			isa = PBXSourcesBuildPhase;
			buildActionMask = 2147483647;
			files = (
				F33B2D4521D42456007C728D /* StoriesViewController.swift in Sources */,
				F3A22B8C2176529000F5325F /* QuizResultsViewController.swift in Sources */,
				F3B0BB002173C1A2003BE09D /* QuizzesViewController.swift in Sources */,
				F323F9C421CBC39F002BF331 /* ArticlesModel.swift in Sources */,
				F33B2D4721D42467007C728D /* CreateStoryViewController.swift in Sources */,
				F36391CE216BE3C4005F747C /* PostsUpcomingEventTableViewCell.swift in Sources */,
				F3303ED12156796200DF4610 /* IssueViewController.swift in Sources */,
				F33B2D5221D689D9007C728D /* StoryDetailsViewController.swift in Sources */,
				F3A22B822174E34D00F5325F /* QuizQuestionCollectionViewCell.swift in Sources */,
				F3D0EECA214E0AB7006739B9 /* IssuesHeaderCollectionReusableView.swift in Sources */,
				F323F9F821D2A922002BF331 /* ErrorView.swift in Sources */,
				F3D0EEC6214E08C6006739B9 /* IssuesViewController.swift in Sources */,
				F323F9C221CABA13002BF331 /* SigninModel.swift in Sources */,
				F36391D9216CDECD005F747C /* EventsViewController.swift in Sources */,
				F3303EF72156F46F00DF4610 /* AboutCoreTeamCellCollectionViewCell.swift in Sources */,
				F3303EFC2156FF2C00DF4610 /* AboutPartnershipTableViewCell.swift in Sources */,
				F3303EFF215700AB00DF4610 /* String Extensions.swift in Sources */,
				F30E3ECE216E79BD00F75EC0 /* SignupViewController.swift in Sources */,
				F3B1E4ED214DAFEA00832FE7 /* PostsViewController.swift in Sources */,
				F30E3ECC216E63F400F75EC0 /* SigninViewController.swift in Sources */,
				F3B0BAFD2173A5EA003BE09D /* EventDetailsViewController.swift in Sources */,
				F33B2D3821D315AC007C728D /* EventsModel.swift in Sources */,
				F3A22B872174ED8B00F5325F /* QuizAnswerTableViewCell.swift in Sources */,
				F3303EE62156D88D00DF4610 /* AboutTableViewSectionHeader.swift in Sources */,
				F3D0EEC2214DF630006739B9 /* GalleryVideoCollectionViewCell.swift in Sources */,
				F3B1E4F4214DB93800832FE7 /* GalleryCollectionViewCell.swift in Sources */,
				F323F9F321D27384002BF331 /* GalleryModel.swift in Sources */,
				F3131EF6216BB70700B1200E /* PostImageTableViewCell.swift in Sources */,
				F3DCA07021592B7E0022FE50 /* CoreTeamCollectionReusableView.swift in Sources */,
				F32EB40021C959000005FA15 /* GenericModel.swift in Sources */,
				F33B2D3421D2C392007C728D /* LoadingView.swift in Sources */,
				F32EB3FD21C956D90005FA15 /* Networking.swift in Sources */,
				F3303EEC2156E48100DF4610 /* AboutDetailsTableViewCell.swift in Sources */,
				F3D0EEB7214DD7F7006739B9 /* GallerySkeletonCollectionViewCell.swift in Sources */,
				F36391DD216CE0AD005F747C /* EventsTableViewCell.swift in Sources */,
				F33B2D4021D3F92F007C728D /* LikeModel.swift in Sources */,
				F3B1E4F0214DB39000832FE7 /* GalleryViewController.swift in Sources */,
				F3303EF22156F25300DF4610 /* AboutCoreTeamTableViewCell.swift in Sources */,
				F30E3EDE216FBE7300F75EC0 /* SettingsTableViewHeader.swift in Sources */,
				F33DFA7D214A145600E3194C /* UIColor Extension.swift in Sources */,
				F3303EE32156D7D600DF4610 /* AboutViewController.swift in Sources */,
				F3D0EECF214E3807006739B9 /* IssuesCollectionViewCell.swift in Sources */,
				F323F9ED21D25911002BF331 /* CitiesModel.swift in Sources */,
				F3B1E4EB214DAFD200832FE7 /* ParentViewController.swift in Sources */,
				F3D0EEBD214DEEEC006739B9 /* PostsSkeletonTableViewCell.swift in Sources */,
				F33B2D3C21D3B2F2007C728D /* QuizDetailsModel.swift in Sources */,
				F33B2D3A21D3AD3F007C728D /* QuizzesModel.swift in Sources */,
				F323F9E921D2508D002BF331 /* Cache.swift in Sources */,
				F30E3ED8216FBB1000F75EC0 /* SettingsNotificationTableViewCell.swift in Sources */,
				F305B91B2159371F005A4818 /* CoreTeamCollectionViewCell.swift in Sources */,
				F3131EFB216BB77100B1200E /* PostsQuizTableViewCell.swift in Sources */,
				F33DFA79214A075500E3194C /* SideMenuViewController.swift in Sources */,
				F323F9BC21C96C6E002BF331 /* PostsModel.swift in Sources */,
				F30E3ED5216EC17000F75EC0 /* UserCache.swift in Sources */,
				F36391D6216CAB43005F747C /* UIViewController Extensions.swift in Sources */,
				F323F9BF21CAB0E5002BF331 /* IssuesModel.swift in Sources */,
				F33B2D5021D6772B007C728D /* StoriesModel.swift in Sources */,
				F3B1E4E8214DAE1700832FE7 /* MainTabBarController.swift in Sources */,
				F3A22B7E2174E29200F5325F /* QuizViewController.swift in Sources */,
				F30E3EE8216FCE1C00F75EC0 /* RequestNames.swift in Sources */,
				F33DFA622149FB4F00E3194C /* AppDelegate.swift in Sources */,
				F30E3EE4216FC13400F75EC0 /* SettingsLanguageTableViewCell.swift in Sources */,
				F3131F00216BCF1000B1200E /* PostsImageCollectionViewCell.swift in Sources */,
				F3303ED82156C7C000DF4610 /* IssueArticleViewController.swift in Sources */,
				F3B0BAF921739476003BE09D /* PostDetailsImageCollectionViewCell.swift in Sources */,
				F33B2D3E21D3E746007C728D /* EditProfileModel.swift in Sources */,
				F3B0BAF421725CC0003BE09D /* PostDetailsViewController.swift in Sources */,
				F36391D3216CA510005F747C /* PostsTextTableViewCell.swift in Sources */,
				F3303ED521567ADC00DF4610 /* IssueTableViewCell.swift in Sources */,
				F33B2D4B21D67421007C728D /* StoriesTableViewCell.swift in Sources */,
				F30E3ED2216EB5BD00F75EC0 /* ProfileViewController.swift in Sources */,
				F3303F022157089600DF4610 /* CoreTeamViewController.swift in Sources */,
				F3303EDE2156D6D900DF4610 /* SettingsViewController.swift in Sources */,
			);
			runOnlyForDeploymentPostprocessing = 0;
		};
/* End PBXSourcesBuildPhase section */

/* Begin PBXVariantGroup section */
		F33DFA652149FB4F00E3194C /* Main.storyboard */ = {
			isa = PBXVariantGroup;
			children = (
				F33DFA662149FB4F00E3194C /* Base */,
				F323F9EA21D252FC002BF331 /* ar-SY */,
			);
			name = Main.storyboard;
			sourceTree = "<group>";
		};
		F33DFA6A2149FB5100E3194C /* LaunchScreen.storyboard */ = {
			isa = PBXVariantGroup;
			children = (
				F33DFA6B2149FB5100E3194C /* Base */,
				F323F9EB21D252FC002BF331 /* ar-SY */,
			);
			name = LaunchScreen.storyboard;
			sourceTree = "<group>";
		};
/* End PBXVariantGroup section */

/* Begin XCBuildConfiguration section */
		F33DFA6E2149FB5100E3194C /* Debug */ = {
			isa = XCBuildConfiguration;
			buildSettings = {
				ALWAYS_SEARCH_USER_PATHS = NO;
				CLANG_ANALYZER_LOCALIZABILITY_NONLOCALIZED = YES;
				CLANG_ANALYZER_NONNULL = YES;
				CLANG_ANALYZER_NUMBER_OBJECT_CONVERSION = YES_AGGRESSIVE;
				CLANG_CXX_LANGUAGE_STANDARD = "gnu++14";
				CLANG_CXX_LIBRARY = "libc++";
				CLANG_ENABLE_MODULES = YES;
				CLANG_ENABLE_OBJC_ARC = YES;
				CLANG_ENABLE_OBJC_WEAK = YES;
				CLANG_WARN_BLOCK_CAPTURE_AUTORELEASING = YES;
				CLANG_WARN_BOOL_CONVERSION = YES;
				CLANG_WARN_COMMA = YES;
				CLANG_WARN_CONSTANT_CONVERSION = YES;
				CLANG_WARN_DEPRECATED_OBJC_IMPLEMENTATIONS = YES;
				CLANG_WARN_DIRECT_OBJC_ISA_USAGE = YES_ERROR;
				CLANG_WARN_DOCUMENTATION_COMMENTS = YES;
				CLANG_WARN_EMPTY_BODY = YES;
				CLANG_WARN_ENUM_CONVERSION = YES;
				CLANG_WARN_INFINITE_RECURSION = YES;
				CLANG_WARN_INT_CONVERSION = YES;
				CLANG_WARN_NON_LITERAL_NULL_CONVERSION = YES;
				CLANG_WARN_OBJC_IMPLICIT_RETAIN_SELF = YES;
				CLANG_WARN_OBJC_LITERAL_CONVERSION = YES;
				CLANG_WARN_OBJC_ROOT_CLASS = YES_ERROR;
				CLANG_WARN_RANGE_LOOP_ANALYSIS = YES;
				CLANG_WARN_STRICT_PROTOTYPES = YES;
				CLANG_WARN_SUSPICIOUS_MOVE = YES;
				CLANG_WARN_UNGUARDED_AVAILABILITY = YES_AGGRESSIVE;
				CLANG_WARN_UNREACHABLE_CODE = YES;
				CLANG_WARN__DUPLICATE_METHOD_MATCH = YES;
				CODE_SIGN_IDENTITY = "iPhone Developer";
				COPY_PHASE_STRIP = NO;
				DEBUG_INFORMATION_FORMAT = dwarf;
				ENABLE_STRICT_OBJC_MSGSEND = YES;
				ENABLE_TESTABILITY = YES;
				GCC_C_LANGUAGE_STANDARD = gnu11;
				GCC_DYNAMIC_NO_PIC = NO;
				GCC_NO_COMMON_BLOCKS = YES;
				GCC_OPTIMIZATION_LEVEL = 0;
				GCC_PREPROCESSOR_DEFINITIONS = (
					"DEBUG=1",
					"$(inherited)",
				);
				GCC_WARN_64_TO_32_BIT_CONVERSION = YES;
				GCC_WARN_ABOUT_RETURN_TYPE = YES_ERROR;
				GCC_WARN_UNDECLARED_SELECTOR = YES;
				GCC_WARN_UNINITIALIZED_AUTOS = YES_AGGRESSIVE;
				GCC_WARN_UNUSED_FUNCTION = YES;
				GCC_WARN_UNUSED_VARIABLE = YES;
				IPHONEOS_DEPLOYMENT_TARGET = 11.4;
				MTL_ENABLE_DEBUG_INFO = YES;
				ONLY_ACTIVE_ARCH = YES;
				SDKROOT = iphoneos;
				SWIFT_ACTIVE_COMPILATION_CONDITIONS = DEBUG;
				SWIFT_OPTIMIZATION_LEVEL = "-Onone";
			};
			name = Debug;
		};
		F33DFA6F2149FB5100E3194C /* Release */ = {
			isa = XCBuildConfiguration;
			buildSettings = {
				ALWAYS_SEARCH_USER_PATHS = NO;
				CLANG_ANALYZER_LOCALIZABILITY_NONLOCALIZED = YES;
				CLANG_ANALYZER_NONNULL = YES;
				CLANG_ANALYZER_NUMBER_OBJECT_CONVERSION = YES_AGGRESSIVE;
				CLANG_CXX_LANGUAGE_STANDARD = "gnu++14";
				CLANG_CXX_LIBRARY = "libc++";
				CLANG_ENABLE_MODULES = YES;
				CLANG_ENABLE_OBJC_ARC = YES;
				CLANG_ENABLE_OBJC_WEAK = YES;
				CLANG_WARN_BLOCK_CAPTURE_AUTORELEASING = YES;
				CLANG_WARN_BOOL_CONVERSION = YES;
				CLANG_WARN_COMMA = YES;
				CLANG_WARN_CONSTANT_CONVERSION = YES;
				CLANG_WARN_DEPRECATED_OBJC_IMPLEMENTATIONS = YES;
				CLANG_WARN_DIRECT_OBJC_ISA_USAGE = YES_ERROR;
				CLANG_WARN_DOCUMENTATION_COMMENTS = YES;
				CLANG_WARN_EMPTY_BODY = YES;
				CLANG_WARN_ENUM_CONVERSION = YES;
				CLANG_WARN_INFINITE_RECURSION = YES;
				CLANG_WARN_INT_CONVERSION = YES;
				CLANG_WARN_NON_LITERAL_NULL_CONVERSION = YES;
				CLANG_WARN_OBJC_IMPLICIT_RETAIN_SELF = YES;
				CLANG_WARN_OBJC_LITERAL_CONVERSION = YES;
				CLANG_WARN_OBJC_ROOT_CLASS = YES_ERROR;
				CLANG_WARN_RANGE_LOOP_ANALYSIS = YES;
				CLANG_WARN_STRICT_PROTOTYPES = YES;
				CLANG_WARN_SUSPICIOUS_MOVE = YES;
				CLANG_WARN_UNGUARDED_AVAILABILITY = YES_AGGRESSIVE;
				CLANG_WARN_UNREACHABLE_CODE = YES;
				CLANG_WARN__DUPLICATE_METHOD_MATCH = YES;
				CODE_SIGN_IDENTITY = "iPhone Developer";
				COPY_PHASE_STRIP = NO;
				DEBUG_INFORMATION_FORMAT = "dwarf-with-dsym";
				ENABLE_NS_ASSERTIONS = NO;
				ENABLE_STRICT_OBJC_MSGSEND = YES;
				GCC_C_LANGUAGE_STANDARD = gnu11;
				GCC_NO_COMMON_BLOCKS = YES;
				GCC_WARN_64_TO_32_BIT_CONVERSION = YES;
				GCC_WARN_ABOUT_RETURN_TYPE = YES_ERROR;
				GCC_WARN_UNDECLARED_SELECTOR = YES;
				GCC_WARN_UNINITIALIZED_AUTOS = YES_AGGRESSIVE;
				GCC_WARN_UNUSED_FUNCTION = YES;
				GCC_WARN_UNUSED_VARIABLE = YES;
				IPHONEOS_DEPLOYMENT_TARGET = 11.4;
				MTL_ENABLE_DEBUG_INFO = NO;
				SDKROOT = iphoneos;
				SWIFT_COMPILATION_MODE = wholemodule;
				SWIFT_OPTIMIZATION_LEVEL = "-O";
				VALIDATE_PRODUCT = YES;
			};
			name = Release;
		};
		F33DFA712149FB5100E3194C /* Debug */ = {
			isa = XCBuildConfiguration;
			baseConfigurationReference = 02D45C8E86A24096A55086ED /* Pods-Y-PEER.debug.xcconfig */;
			buildSettings = {
				ASSETCATALOG_COMPILER_APPICON_NAME = AppIcon;
				CLANG_ENABLE_MODULES = YES;
				CODE_SIGN_STYLE = Automatic;
				DEVELOPMENT_TEAM = CE655T25LA;
				INFOPLIST_FILE = "Y-PEER/Info.plist";
				LD_RUNPATH_SEARCH_PATHS = (
					"$(inherited)",
					"@executable_path/Frameworks",
				);
				PRODUCT_BUNDLE_IDENTIFIER = "MA.Y-PEER";
				PRODUCT_NAME = "$(TARGET_NAME)";
				SWIFT_OBJC_BRIDGING_HEADER = "Y-PEER/Y-PEER-Bridging-Header.h";
				SWIFT_OPTIMIZATION_LEVEL = "-Onone";
				SWIFT_VERSION = 4.2;
				TARGETED_DEVICE_FAMILY = "1,2";
			};
			name = Debug;
		};
		F33DFA722149FB5100E3194C /* Release */ = {
			isa = XCBuildConfiguration;
			baseConfigurationReference = 304A170E4E59E3209A117E64 /* Pods-Y-PEER.release.xcconfig */;
			buildSettings = {
				ASSETCATALOG_COMPILER_APPICON_NAME = AppIcon;
				CLANG_ENABLE_MODULES = YES;
				CODE_SIGN_STYLE = Automatic;
				DEVELOPMENT_TEAM = CE655T25LA;
				INFOPLIST_FILE = "Y-PEER/Info.plist";
				LD_RUNPATH_SEARCH_PATHS = (
					"$(inherited)",
					"@executable_path/Frameworks",
				);
				PRODUCT_BUNDLE_IDENTIFIER = "MA.Y-PEER";
				PRODUCT_NAME = "$(TARGET_NAME)";
				SWIFT_OBJC_BRIDGING_HEADER = "Y-PEER/Y-PEER-Bridging-Header.h";
				SWIFT_VERSION = 4.2;
				TARGETED_DEVICE_FAMILY = "1,2";
			};
			name = Release;
		};
/* End XCBuildConfiguration section */

/* Begin XCConfigurationList section */
		F33DFA592149FB4F00E3194C /* Build configuration list for PBXProject "Y-PEER" */ = {
			isa = XCConfigurationList;
			buildConfigurations = (
				F33DFA6E2149FB5100E3194C /* Debug */,
				F33DFA6F2149FB5100E3194C /* Release */,
			);
			defaultConfigurationIsVisible = 0;
			defaultConfigurationName = Release;
		};
		F33DFA702149FB5100E3194C /* Build configuration list for PBXNativeTarget "Y-PEER" */ = {
			isa = XCConfigurationList;
			buildConfigurations = (
				F33DFA712149FB5100E3194C /* Debug */,
				F33DFA722149FB5100E3194C /* Release */,
			);
			defaultConfigurationIsVisible = 0;
			defaultConfigurationName = Release;
		};
/* End XCConfigurationList section */
	};
	rootObject = F33DFA562149FB4F00E3194C /* Project object */;
}
