// !$*UTF8*$!
{
	archiveVersion = 1;
	classes = {
	};
	objectVersion = 50;
	objects = {

/* Begin PBXBuildFile section */
		7068CC308390E98D046B8106 /* Pods_Y_PEER.framework in Frameworks */ = {isa = PBXBuildFile; fileRef = 0362A44C5C8DFFCD2E134C3E /* Pods_Y_PEER.framework */; };
		F305B91B2159371F005A4818 /* CoreTeamCollectionViewCell.swift in Sources */ = {isa = PBXBuildFile; fileRef = F305B9192159371F005A4818 /* CoreTeamCollectionViewCell.swift */; };
		F305B91C2159371F005A4818 /* CoreTeamCollectionViewCell.xib in Resources */ = {isa = PBXBuildFile; fileRef = F305B91A2159371F005A4818 /* CoreTeamCollectionViewCell.xib */; };
		F3131EF6216BB70700B1200E /* PostImageTableViewCell.swift in Sources */ = {isa = PBXBuildFile; fileRef = F3131EF4216BB70700B1200E /* PostImageTableViewCell.swift */; };
		F3131EF7216BB70700B1200E /* PostImageTableViewCell.xib in Resources */ = {isa = PBXBuildFile; fileRef = F3131EF5216BB70700B1200E /* PostImageTableViewCell.xib */; };
		F3131EFB216BB77100B1200E /* PostsQuizTableViewCell.swift in Sources */ = {isa = PBXBuildFile; fileRef = F3131EF9216BB77100B1200E /* PostsQuizTableViewCell.swift */; };
		F3131EFC216BB77100B1200E /* PostsQuizTableViewCell.xib in Resources */ = {isa = PBXBuildFile; fileRef = F3131EFA216BB77100B1200E /* PostsQuizTableViewCell.xib */; };
		F3131F00216BCF1000B1200E /* PostsImageCollectionViewCell.swift in Sources */ = {isa = PBXBuildFile; fileRef = F3131EFE216BCF1000B1200E /* PostsImageCollectionViewCell.swift */; };
		F3131F01216BCF1000B1200E /* PostsImageCollectionViewCell.xib in Resources */ = {isa = PBXBuildFile; fileRef = F3131EFF216BCF1000B1200E /* PostsImageCollectionViewCell.xib */; };
		F3303ECF215677B200DF4610 /* Issue.storyboard in Resources */ = {isa = PBXBuildFile; fileRef = F3303ECE215677B200DF4610 /* Issue.storyboard */; };
		F3303ED12156796200DF4610 /* IssueViewController.swift in Sources */ = {isa = PBXBuildFile; fileRef = F3303ED02156796200DF4610 /* IssueViewController.swift */; };
		F3303ED521567ADC00DF4610 /* IssueTableViewCell.swift in Sources */ = {isa = PBXBuildFile; fileRef = F3303ED321567ADC00DF4610 /* IssueTableViewCell.swift */; };
		F3303ED621567ADC00DF4610 /* IssueTableViewCell.xib in Resources */ = {isa = PBXBuildFile; fileRef = F3303ED421567ADC00DF4610 /* IssueTableViewCell.xib */; };
		F3303ED82156C7C000DF4610 /* IssueArticleViewController.swift in Sources */ = {isa = PBXBuildFile; fileRef = F3303ED72156C7C000DF4610 /* IssueArticleViewController.swift */; };
		F3303EDA2156CBE500DF4610 /* a.jpg in Resources */ = {isa = PBXBuildFile; fileRef = F3303ED92156CBE500DF4610 /* a.jpg */; };
		F3303EDE2156D6D900DF4610 /* SettingsViewController.swift in Sources */ = {isa = PBXBuildFile; fileRef = F3303EDD2156D6D900DF4610 /* SettingsViewController.swift */; };
		F3303EE02156D6E300DF4610 /* Settings.storyboard in Resources */ = {isa = PBXBuildFile; fileRef = F3303EDF2156D6E300DF4610 /* Settings.storyboard */; };
		F3303EE32156D7D600DF4610 /* AboutViewController.swift in Sources */ = {isa = PBXBuildFile; fileRef = F3303EE22156D7D600DF4610 /* AboutViewController.swift */; };
		F3303EE62156D88D00DF4610 /* AboutTableViewSectionHeader.swift in Sources */ = {isa = PBXBuildFile; fileRef = F3303EE52156D88D00DF4610 /* AboutTableViewSectionHeader.swift */; };
		F3303EE82156D89600DF4610 /* AboutTableViewSectionHeader.xib in Resources */ = {isa = PBXBuildFile; fileRef = F3303EE72156D89600DF4610 /* AboutTableViewSectionHeader.xib */; };
		F3303EEC2156E48100DF4610 /* AboutDetailsTableViewCell.swift in Sources */ = {isa = PBXBuildFile; fileRef = F3303EEA2156E48100DF4610 /* AboutDetailsTableViewCell.swift */; };
		F3303EED2156E48100DF4610 /* AboutDetailsTableViewCell.xib in Resources */ = {isa = PBXBuildFile; fileRef = F3303EEB2156E48100DF4610 /* AboutDetailsTableViewCell.xib */; };
		F3303EF22156F25300DF4610 /* AboutCoreTeamTableViewCell.swift in Sources */ = {isa = PBXBuildFile; fileRef = F3303EF02156F25300DF4610 /* AboutCoreTeamTableViewCell.swift */; };
		F3303EF32156F25300DF4610 /* AboutCoreTeamTableViewCell.xib in Resources */ = {isa = PBXBuildFile; fileRef = F3303EF12156F25300DF4610 /* AboutCoreTeamTableViewCell.xib */; };
		F3303EF72156F46F00DF4610 /* AboutCoreTeamCellCollectionViewCell.swift in Sources */ = {isa = PBXBuildFile; fileRef = F3303EF52156F46F00DF4610 /* AboutCoreTeamCellCollectionViewCell.swift */; };
		F3303EF82156F46F00DF4610 /* AboutCoreTeamCellCollectionViewCell.xib in Resources */ = {isa = PBXBuildFile; fileRef = F3303EF62156F46F00DF4610 /* AboutCoreTeamCellCollectionViewCell.xib */; };
		F3303EFC2156FF2C00DF4610 /* AboutPartnershipTableViewCell.swift in Sources */ = {isa = PBXBuildFile; fileRef = F3303EFA2156FF2C00DF4610 /* AboutPartnershipTableViewCell.swift */; };
		F3303EFD2156FF2C00DF4610 /* AboutPartnershipTableViewCell.xib in Resources */ = {isa = PBXBuildFile; fileRef = F3303EFB2156FF2C00DF4610 /* AboutPartnershipTableViewCell.xib */; };
		F3303EFF215700AB00DF4610 /* String Extensions.swift in Sources */ = {isa = PBXBuildFile; fileRef = F3303EFE215700AB00DF4610 /* String Extensions.swift */; };
		F3303F022157089600DF4610 /* CoreTeamViewController.swift in Sources */ = {isa = PBXBuildFile; fileRef = F3303F012157089600DF4610 /* CoreTeamViewController.swift */; };
		F33DFA622149FB4F00E3194C /* AppDelegate.swift in Sources */ = {isa = PBXBuildFile; fileRef = F33DFA612149FB4F00E3194C /* AppDelegate.swift */; };
		F33DFA672149FB4F00E3194C /* Main.storyboard in Resources */ = {isa = PBXBuildFile; fileRef = F33DFA652149FB4F00E3194C /* Main.storyboard */; };
		F33DFA692149FB5100E3194C /* Assets.xcassets in Resources */ = {isa = PBXBuildFile; fileRef = F33DFA682149FB5100E3194C /* Assets.xcassets */; };
		F33DFA6C2149FB5100E3194C /* LaunchScreen.storyboard in Resources */ = {isa = PBXBuildFile; fileRef = F33DFA6A2149FB5100E3194C /* LaunchScreen.storyboard */; };
		F33DFA77214A074500E3194C /* SideMenu.storyboard in Resources */ = {isa = PBXBuildFile; fileRef = F33DFA76214A074500E3194C /* SideMenu.storyboard */; };
		F33DFA79214A075500E3194C /* SideMenuViewController.swift in Sources */ = {isa = PBXBuildFile; fileRef = F33DFA78214A075500E3194C /* SideMenuViewController.swift */; };
		F33DFA7D214A145600E3194C /* UIColor Extension.swift in Sources */ = {isa = PBXBuildFile; fileRef = F33DFA7C214A145600E3194C /* UIColor Extension.swift */; };
		F3B1E4E8214DAE1700832FE7 /* MainTabBarController.swift in Sources */ = {isa = PBXBuildFile; fileRef = F3B1E4E7214DAE1700832FE7 /* MainTabBarController.swift */; };
		F3B1E4EB214DAFD200832FE7 /* ParentViewController.swift in Sources */ = {isa = PBXBuildFile; fileRef = F3B1E4EA214DAFD200832FE7 /* ParentViewController.swift */; };
		F3B1E4ED214DAFEA00832FE7 /* PostsViewController.swift in Sources */ = {isa = PBXBuildFile; fileRef = F3B1E4EC214DAFEA00832FE7 /* PostsViewController.swift */; };
		F3B1E4F0214DB39000832FE7 /* GalleryViewController.swift in Sources */ = {isa = PBXBuildFile; fileRef = F3B1E4EF214DB39000832FE7 /* GalleryViewController.swift */; };
		F3B1E4F4214DB93800832FE7 /* GalleryCollectionViewCell.swift in Sources */ = {isa = PBXBuildFile; fileRef = F3B1E4F2214DB93800832FE7 /* GalleryCollectionViewCell.swift */; };
		F3B1E4F5214DB93800832FE7 /* GalleryCollectionViewCell.xib in Resources */ = {isa = PBXBuildFile; fileRef = F3B1E4F3214DB93800832FE7 /* GalleryCollectionViewCell.xib */; };
		F3D0EEB7214DD7F7006739B9 /* GallerySkeletonCollectionViewCell.swift in Sources */ = {isa = PBXBuildFile; fileRef = F3D0EEB5214DD7F7006739B9 /* GallerySkeletonCollectionViewCell.swift */; };
		F3D0EEB8214DD7F7006739B9 /* GallerySkeletonCollectionViewCell.xib in Resources */ = {isa = PBXBuildFile; fileRef = F3D0EEB6214DD7F7006739B9 /* GallerySkeletonCollectionViewCell.xib */; };
		F3D0EEBD214DEEEC006739B9 /* PostsSkeletonTableViewCell.swift in Sources */ = {isa = PBXBuildFile; fileRef = F3D0EEBB214DEEEC006739B9 /* PostsSkeletonTableViewCell.swift */; };
		F3D0EEBE214DEEEC006739B9 /* PostsSkeletonTableViewCell.xib in Resources */ = {isa = PBXBuildFile; fileRef = F3D0EEBC214DEEEC006739B9 /* PostsSkeletonTableViewCell.xib */; };
		F3D0EEC2214DF630006739B9 /* GalleryVideoCollectionViewCell.swift in Sources */ = {isa = PBXBuildFile; fileRef = F3D0EEC0214DF630006739B9 /* GalleryVideoCollectionViewCell.swift */; };
		F3D0EEC3214DF630006739B9 /* GalleryVideoCollectionViewCell.xib in Resources */ = {isa = PBXBuildFile; fileRef = F3D0EEC1214DF630006739B9 /* GalleryVideoCollectionViewCell.xib */; };
		F3D0EEC6214E08C6006739B9 /* IssuesViewController.swift in Sources */ = {isa = PBXBuildFile; fileRef = F3D0EEC5214E08C6006739B9 /* IssuesViewController.swift */; };
		F3D0EECA214E0AB7006739B9 /* IssuesHeaderCollectionReusableView.swift in Sources */ = {isa = PBXBuildFile; fileRef = F3D0EEC8214E0AB7006739B9 /* IssuesHeaderCollectionReusableView.swift */; };
		F3D0EECB214E0AB7006739B9 /* IssuesHeaderCollectionReusableView.xib in Resources */ = {isa = PBXBuildFile; fileRef = F3D0EEC9214E0AB7006739B9 /* IssuesHeaderCollectionReusableView.xib */; };
		F3D0EECF214E3807006739B9 /* IssuesCollectionViewCell.swift in Sources */ = {isa = PBXBuildFile; fileRef = F3D0EECD214E3807006739B9 /* IssuesCollectionViewCell.swift */; };
		F3D0EED0214E3807006739B9 /* IssuesCollectionViewCell.xib in Resources */ = {isa = PBXBuildFile; fileRef = F3D0EECE214E3807006739B9 /* IssuesCollectionViewCell.xib */; };
		F3DCA07021592B7E0022FE50 /* CoreTeamCollectionReusableView.swift in Sources */ = {isa = PBXBuildFile; fileRef = F3DCA06E21592B7E0022FE50 /* CoreTeamCollectionReusableView.swift */; };
		F3DCA07121592B7E0022FE50 /* CoreTeamCollectionReusableView.xib in Resources */ = {isa = PBXBuildFile; fileRef = F3DCA06F21592B7E0022FE50 /* CoreTeamCollectionReusableView.xib */; };
/* End PBXBuildFile section */

/* Begin PBXFileReference section */
		02D45C8E86A24096A55086ED /* Pods-Y-PEER.debug.xcconfig */ = {isa = PBXFileReference; includeInIndex = 1; lastKnownFileType = text.xcconfig; name = "Pods-Y-PEER.debug.xcconfig"; path = "Pods/Target Support Files/Pods-Y-PEER/Pods-Y-PEER.debug.xcconfig"; sourceTree = "<group>"; };
		0362A44C5C8DFFCD2E134C3E /* Pods_Y_PEER.framework */ = {isa = PBXFileReference; explicitFileType = wrapper.framework; includeInIndex = 0; path = Pods_Y_PEER.framework; sourceTree = BUILT_PRODUCTS_DIR; };
		304A170E4E59E3209A117E64 /* Pods-Y-PEER.release.xcconfig */ = {isa = PBXFileReference; includeInIndex = 1; lastKnownFileType = text.xcconfig; name = "Pods-Y-PEER.release.xcconfig"; path = "Pods/Target Support Files/Pods-Y-PEER/Pods-Y-PEER.release.xcconfig"; sourceTree = "<group>"; };
		F305B9192159371F005A4818 /* CoreTeamCollectionViewCell.swift */ = {isa = PBXFileReference; lastKnownFileType = sourcecode.swift; path = CoreTeamCollectionViewCell.swift; sourceTree = "<group>"; };
		F305B91A2159371F005A4818 /* CoreTeamCollectionViewCell.xib */ = {isa = PBXFileReference; lastKnownFileType = file.xib; path = CoreTeamCollectionViewCell.xib; sourceTree = "<group>"; };
		F3131EF4216BB70700B1200E /* PostImageTableViewCell.swift */ = {isa = PBXFileReference; lastKnownFileType = sourcecode.swift; path = PostImageTableViewCell.swift; sourceTree = "<group>"; };
		F3131EF5216BB70700B1200E /* PostImageTableViewCell.xib */ = {isa = PBXFileReference; lastKnownFileType = file.xib; path = PostImageTableViewCell.xib; sourceTree = "<group>"; };
		F3131EF9216BB77100B1200E /* PostsQuizTableViewCell.swift */ = {isa = PBXFileReference; lastKnownFileType = sourcecode.swift; path = PostsQuizTableViewCell.swift; sourceTree = "<group>"; };
		F3131EFA216BB77100B1200E /* PostsQuizTableViewCell.xib */ = {isa = PBXFileReference; lastKnownFileType = file.xib; path = PostsQuizTableViewCell.xib; sourceTree = "<group>"; };
		F3131EFE216BCF1000B1200E /* PostsImageCollectionViewCell.swift */ = {isa = PBXFileReference; lastKnownFileType = sourcecode.swift; path = PostsImageCollectionViewCell.swift; sourceTree = "<group>"; };
		F3131EFF216BCF1000B1200E /* PostsImageCollectionViewCell.xib */ = {isa = PBXFileReference; lastKnownFileType = file.xib; path = PostsImageCollectionViewCell.xib; sourceTree = "<group>"; };
		F3303ECE215677B200DF4610 /* Issue.storyboard */ = {isa = PBXFileReference; lastKnownFileType = file.storyboard; path = Issue.storyboard; sourceTree = "<group>"; };
		F3303ED02156796200DF4610 /* IssueViewController.swift */ = {isa = PBXFileReference; lastKnownFileType = sourcecode.swift; path = IssueViewController.swift; sourceTree = "<group>"; };
		F3303ED321567ADC00DF4610 /* IssueTableViewCell.swift */ = {isa = PBXFileReference; lastKnownFileType = sourcecode.swift; path = IssueTableViewCell.swift; sourceTree = "<group>"; };
		F3303ED421567ADC00DF4610 /* IssueTableViewCell.xib */ = {isa = PBXFileReference; lastKnownFileType = file.xib; path = IssueTableViewCell.xib; sourceTree = "<group>"; };
		F3303ED72156C7C000DF4610 /* IssueArticleViewController.swift */ = {isa = PBXFileReference; lastKnownFileType = sourcecode.swift; path = IssueArticleViewController.swift; sourceTree = "<group>"; };
		F3303ED92156CBE500DF4610 /* a.jpg */ = {isa = PBXFileReference; lastKnownFileType = image.jpeg; path = a.jpg; sourceTree = "<group>"; };
		F3303EDD2156D6D900DF4610 /* SettingsViewController.swift */ = {isa = PBXFileReference; lastKnownFileType = sourcecode.swift; path = SettingsViewController.swift; sourceTree = "<group>"; };
		F3303EDF2156D6E300DF4610 /* Settings.storyboard */ = {isa = PBXFileReference; lastKnownFileType = file.storyboard; path = Settings.storyboard; sourceTree = "<group>"; };
		F3303EE22156D7D600DF4610 /* AboutViewController.swift */ = {isa = PBXFileReference; lastKnownFileType = sourcecode.swift; path = AboutViewController.swift; sourceTree = "<group>"; };
		F3303EE52156D88D00DF4610 /* AboutTableViewSectionHeader.swift */ = {isa = PBXFileReference; lastKnownFileType = sourcecode.swift; path = AboutTableViewSectionHeader.swift; sourceTree = "<group>"; };
		F3303EE72156D89600DF4610 /* AboutTableViewSectionHeader.xib */ = {isa = PBXFileReference; lastKnownFileType = file.xib; path = AboutTableViewSectionHeader.xib; sourceTree = "<group>"; };
		F3303EEA2156E48100DF4610 /* AboutDetailsTableViewCell.swift */ = {isa = PBXFileReference; lastKnownFileType = sourcecode.swift; path = AboutDetailsTableViewCell.swift; sourceTree = "<group>"; };
		F3303EEB2156E48100DF4610 /* AboutDetailsTableViewCell.xib */ = {isa = PBXFileReference; lastKnownFileType = file.xib; path = AboutDetailsTableViewCell.xib; sourceTree = "<group>"; };
		F3303EF02156F25300DF4610 /* AboutCoreTeamTableViewCell.swift */ = {isa = PBXFileReference; lastKnownFileType = sourcecode.swift; path = AboutCoreTeamTableViewCell.swift; sourceTree = "<group>"; };
		F3303EF12156F25300DF4610 /* AboutCoreTeamTableViewCell.xib */ = {isa = PBXFileReference; lastKnownFileType = file.xib; path = AboutCoreTeamTableViewCell.xib; sourceTree = "<group>"; };
		F3303EF52156F46F00DF4610 /* AboutCoreTeamCellCollectionViewCell.swift */ = {isa = PBXFileReference; lastKnownFileType = sourcecode.swift; path = AboutCoreTeamCellCollectionViewCell.swift; sourceTree = "<group>"; };
		F3303EF62156F46F00DF4610 /* AboutCoreTeamCellCollectionViewCell.xib */ = {isa = PBXFileReference; lastKnownFileType = file.xib; path = AboutCoreTeamCellCollectionViewCell.xib; sourceTree = "<group>"; };
		F3303EFA2156FF2C00DF4610 /* AboutPartnershipTableViewCell.swift */ = {isa = PBXFileReference; lastKnownFileType = sourcecode.swift; path = AboutPartnershipTableViewCell.swift; sourceTree = "<group>"; };
		F3303EFB2156FF2C00DF4610 /* AboutPartnershipTableViewCell.xib */ = {isa = PBXFileReference; lastKnownFileType = file.xib; path = AboutPartnershipTableViewCell.xib; sourceTree = "<group>"; };
		F3303EFE215700AB00DF4610 /* String Extensions.swift */ = {isa = PBXFileReference; lastKnownFileType = sourcecode.swift; path = "String Extensions.swift"; sourceTree = "<group>"; };
		F3303F012157089600DF4610 /* CoreTeamViewController.swift */ = {isa = PBXFileReference; lastKnownFileType = sourcecode.swift; path = CoreTeamViewController.swift; sourceTree = "<group>"; };
		F33DFA5E2149FB4F00E3194C /* Y-PEER.app */ = {isa = PBXFileReference; explicitFileType = wrapper.application; includeInIndex = 0; path = "Y-PEER.app"; sourceTree = BUILT_PRODUCTS_DIR; };
		F33DFA612149FB4F00E3194C /* AppDelegate.swift */ = {isa = PBXFileReference; lastKnownFileType = sourcecode.swift; path = AppDelegate.swift; sourceTree = "<group>"; };
		F33DFA662149FB4F00E3194C /* Base */ = {isa = PBXFileReference; lastKnownFileType = file.storyboard; name = Base; path = Base.lproj/Main.storyboard; sourceTree = "<group>"; };
		F33DFA682149FB5100E3194C /* Assets.xcassets */ = {isa = PBXFileReference; lastKnownFileType = folder.assetcatalog; path = Assets.xcassets; sourceTree = "<group>"; };
		F33DFA6B2149FB5100E3194C /* Base */ = {isa = PBXFileReference; lastKnownFileType = file.storyboard; name = Base; path = Base.lproj/LaunchScreen.storyboard; sourceTree = "<group>"; };
		F33DFA6D2149FB5100E3194C /* Info.plist */ = {isa = PBXFileReference; lastKnownFileType = text.plist.xml; path = Info.plist; sourceTree = "<group>"; };
		F33DFA76214A074500E3194C /* SideMenu.storyboard */ = {isa = PBXFileReference; lastKnownFileType = file.storyboard; path = SideMenu.storyboard; sourceTree = "<group>"; };
		F33DFA78214A075500E3194C /* SideMenuViewController.swift */ = {isa = PBXFileReference; lastKnownFileType = sourcecode.swift; path = SideMenuViewController.swift; sourceTree = "<group>"; };
		F33DFA7C214A145600E3194C /* UIColor Extension.swift */ = {isa = PBXFileReference; lastKnownFileType = sourcecode.swift; path = "UIColor Extension.swift"; sourceTree = "<group>"; };
		F3B1E4E7214DAE1700832FE7 /* MainTabBarController.swift */ = {isa = PBXFileReference; lastKnownFileType = sourcecode.swift; path = MainTabBarController.swift; sourceTree = "<group>"; };
		F3B1E4EA214DAFD200832FE7 /* ParentViewController.swift */ = {isa = PBXFileReference; lastKnownFileType = sourcecode.swift; path = ParentViewController.swift; sourceTree = "<group>"; };
		F3B1E4EC214DAFEA00832FE7 /* PostsViewController.swift */ = {isa = PBXFileReference; lastKnownFileType = sourcecode.swift; path = PostsViewController.swift; sourceTree = "<group>"; };
		F3B1E4EF214DB39000832FE7 /* GalleryViewController.swift */ = {isa = PBXFileReference; lastKnownFileType = sourcecode.swift; path = GalleryViewController.swift; sourceTree = "<group>"; };
		F3B1E4F2214DB93800832FE7 /* GalleryCollectionViewCell.swift */ = {isa = PBXFileReference; lastKnownFileType = sourcecode.swift; path = GalleryCollectionViewCell.swift; sourceTree = "<group>"; };
		F3B1E4F3214DB93800832FE7 /* GalleryCollectionViewCell.xib */ = {isa = PBXFileReference; lastKnownFileType = file.xib; path = GalleryCollectionViewCell.xib; sourceTree = "<group>"; };
		F3D0EEB5214DD7F7006739B9 /* GallerySkeletonCollectionViewCell.swift */ = {isa = PBXFileReference; lastKnownFileType = sourcecode.swift; path = GallerySkeletonCollectionViewCell.swift; sourceTree = "<group>"; };
		F3D0EEB6214DD7F7006739B9 /* GallerySkeletonCollectionViewCell.xib */ = {isa = PBXFileReference; lastKnownFileType = file.xib; path = GallerySkeletonCollectionViewCell.xib; sourceTree = "<group>"; };
		F3D0EEBB214DEEEC006739B9 /* PostsSkeletonTableViewCell.swift */ = {isa = PBXFileReference; lastKnownFileType = sourcecode.swift; path = PostsSkeletonTableViewCell.swift; sourceTree = "<group>"; };
		F3D0EEBC214DEEEC006739B9 /* PostsSkeletonTableViewCell.xib */ = {isa = PBXFileReference; lastKnownFileType = file.xib; path = PostsSkeletonTableViewCell.xib; sourceTree = "<group>"; };
		F3D0EEC0214DF630006739B9 /* GalleryVideoCollectionViewCell.swift */ = {isa = PBXFileReference; lastKnownFileType = sourcecode.swift; path = GalleryVideoCollectionViewCell.swift; sourceTree = "<group>"; };
		F3D0EEC1214DF630006739B9 /* GalleryVideoCollectionViewCell.xib */ = {isa = PBXFileReference; lastKnownFileType = file.xib; path = GalleryVideoCollectionViewCell.xib; sourceTree = "<group>"; };
		F3D0EEC5214E08C6006739B9 /* IssuesViewController.swift */ = {isa = PBXFileReference; lastKnownFileType = sourcecode.swift; path = IssuesViewController.swift; sourceTree = "<group>"; };
		F3D0EEC8214E0AB7006739B9 /* IssuesHeaderCollectionReusableView.swift */ = {isa = PBXFileReference; lastKnownFileType = sourcecode.swift; path = IssuesHeaderCollectionReusableView.swift; sourceTree = "<group>"; };
		F3D0EEC9214E0AB7006739B9 /* IssuesHeaderCollectionReusableView.xib */ = {isa = PBXFileReference; lastKnownFileType = file.xib; path = IssuesHeaderCollectionReusableView.xib; sourceTree = "<group>"; };
		F3D0EECD214E3807006739B9 /* IssuesCollectionViewCell.swift */ = {isa = PBXFileReference; lastKnownFileType = sourcecode.swift; path = IssuesCollectionViewCell.swift; sourceTree = "<group>"; };
		F3D0EECE214E3807006739B9 /* IssuesCollectionViewCell.xib */ = {isa = PBXFileReference; lastKnownFileType = file.xib; path = IssuesCollectionViewCell.xib; sourceTree = "<group>"; };
		F3DCA06E21592B7E0022FE50 /* CoreTeamCollectionReusableView.swift */ = {isa = PBXFileReference; lastKnownFileType = sourcecode.swift; path = CoreTeamCollectionReusableView.swift; sourceTree = "<group>"; };
		F3DCA06F21592B7E0022FE50 /* CoreTeamCollectionReusableView.xib */ = {isa = PBXFileReference; lastKnownFileType = file.xib; path = CoreTeamCollectionReusableView.xib; sourceTree = "<group>"; };
/* End PBXFileReference section */

/* Begin PBXFrameworksBuildPhase section */
		F33DFA5B2149FB4F00E3194C /* Frameworks */ = {
			isa = PBXFrameworksBuildPhase;
			buildActionMask = 2147483647;
			files = (
				7068CC308390E98D046B8106 /* Pods_Y_PEER.framework in Frameworks */,
			);
			runOnlyForDeploymentPostprocessing = 0;
		};
/* End PBXFrameworksBuildPhase section */

/* Begin PBXGroup section */
		39F5180110688FFB4433385F /* Pods */ = {
			isa = PBXGroup;
			children = (
				02D45C8E86A24096A55086ED /* Pods-Y-PEER.debug.xcconfig */,
				304A170E4E59E3209A117E64 /* Pods-Y-PEER.release.xcconfig */,
			);
			name = Pods;
			sourceTree = "<group>";
		};
		5F7D66B596136B8CD1B9EA36 /* Frameworks */ = {
			isa = PBXGroup;
			children = (
				0362A44C5C8DFFCD2E134C3E /* Pods_Y_PEER.framework */,
			);
			name = Frameworks;
			sourceTree = "<group>";
		};
		F305B917215936FE005A4818 /* Cell */ = {
			isa = PBXGroup;
			children = (
				F305B9192159371F005A4818 /* CoreTeamCollectionViewCell.swift */,
				F305B91A2159371F005A4818 /* CoreTeamCollectionViewCell.xib */,
			);
			path = Cell;
			sourceTree = "<group>";
		};
		F3131EF3216BB6ED00B1200E /* Image Cell */ = {
			isa = PBXGroup;
			children = (
				F3131EFD216BCEFA00B1200E /* Collection Cell */,
				F3131EF4216BB70700B1200E /* PostImageTableViewCell.swift */,
				F3131EF5216BB70700B1200E /* PostImageTableViewCell.xib */,
			);
			path = "Image Cell";
			sourceTree = "<group>";
		};
		F3131EF8216BB75F00B1200E /* Quiz Cell */ = {
			isa = PBXGroup;
			children = (
				F3131EF9216BB77100B1200E /* PostsQuizTableViewCell.swift */,
				F3131EFA216BB77100B1200E /* PostsQuizTableViewCell.xib */,
			);
			path = "Quiz Cell";
			sourceTree = "<group>";
		};
		F3131EFD216BCEFA00B1200E /* Collection Cell */ = {
			isa = PBXGroup;
			children = (
				F3131EFE216BCF1000B1200E /* PostsImageCollectionViewCell.swift */,
				F3131EFF216BCF1000B1200E /* PostsImageCollectionViewCell.xib */,
			);
			path = "Collection Cell";
			sourceTree = "<group>";
		};
		F3303ECD2156779C00DF4610 /* Issue */ = {
			isa = PBXGroup;
			children = (
				F3303ED221567ACA00DF4610 /* Cell */,
				F3303ED02156796200DF4610 /* IssueViewController.swift */,
				F3303ED72156C7C000DF4610 /* IssueArticleViewController.swift */,
				F3303ECE215677B200DF4610 /* Issue.storyboard */,
			);
			path = Issue;
			sourceTree = "<group>";
		};
		F3303ED221567ACA00DF4610 /* Cell */ = {
			isa = PBXGroup;
			children = (
				F3303ED321567ADC00DF4610 /* IssueTableViewCell.swift */,
				F3303ED421567ADC00DF4610 /* IssueTableViewCell.xib */,
			);
			path = Cell;
			sourceTree = "<group>";
		};
		F3303EDC2156D6BC00DF4610 /* Settings */ = {
			isa = PBXGroup;
			children = (
				F3303F002157087C00DF4610 /* Core Team */,
				F3303EE12156D7C300DF4610 /* About */,
				F3303EDD2156D6D900DF4610 /* SettingsViewController.swift */,
				F3303EDF2156D6E300DF4610 /* Settings.storyboard */,
			);
			path = Settings;
			sourceTree = "<group>";
		};
		F3303EE12156D7C300DF4610 /* About */ = {
			isa = PBXGroup;
			children = (
				F3303EE92156E44E00DF4610 /* Cells */,
				F3303EE42156D86F00DF4610 /* Header */,
				F3303EE22156D7D600DF4610 /* AboutViewController.swift */,
			);
			path = About;
			sourceTree = "<group>";
		};
		F3303EE42156D86F00DF4610 /* Header */ = {
			isa = PBXGroup;
			children = (
				F3303EE52156D88D00DF4610 /* AboutTableViewSectionHeader.swift */,
				F3303EE72156D89600DF4610 /* AboutTableViewSectionHeader.xib */,
			);
			path = Header;
			sourceTree = "<group>";
		};
		F3303EE92156E44E00DF4610 /* Cells */ = {
			isa = PBXGroup;
			children = (
				F3303EF92156FF0E00DF4610 /* Partnership */,
				F3303EEF2156F23E00DF4610 /* Core Team */,
				F3303EEE2156F23300DF4610 /* Details */,
			);
			path = Cells;
			sourceTree = "<group>";
		};
		F3303EEE2156F23300DF4610 /* Details */ = {
			isa = PBXGroup;
			children = (
				F3303EEA2156E48100DF4610 /* AboutDetailsTableViewCell.swift */,
				F3303EEB2156E48100DF4610 /* AboutDetailsTableViewCell.xib */,
			);
			path = Details;
			sourceTree = "<group>";
		};
		F3303EEF2156F23E00DF4610 /* Core Team */ = {
			isa = PBXGroup;
			children = (
				F3303EF42156F45200DF4610 /* Collection Cell */,
				F3303EF02156F25300DF4610 /* AboutCoreTeamTableViewCell.swift */,
				F3303EF12156F25300DF4610 /* AboutCoreTeamTableViewCell.xib */,
			);
			path = "Core Team";
			sourceTree = "<group>";
		};
		F3303EF42156F45200DF4610 /* Collection Cell */ = {
			isa = PBXGroup;
			children = (
				F3303EF52156F46F00DF4610 /* AboutCoreTeamCellCollectionViewCell.swift */,
				F3303EF62156F46F00DF4610 /* AboutCoreTeamCellCollectionViewCell.xib */,
			);
			path = "Collection Cell";
			sourceTree = "<group>";
		};
		F3303EF92156FF0E00DF4610 /* Partnership */ = {
			isa = PBXGroup;
			children = (
				F3303EFA2156FF2C00DF4610 /* AboutPartnershipTableViewCell.swift */,
				F3303EFB2156FF2C00DF4610 /* AboutPartnershipTableViewCell.xib */,
			);
			path = Partnership;
			sourceTree = "<group>";
		};
		F3303F002157087C00DF4610 /* Core Team */ = {
			isa = PBXGroup;
			children = (
				F305B917215936FE005A4818 /* Cell */,
				F3303F032157093300DF4610 /* Header */,
				F3303F012157089600DF4610 /* CoreTeamViewController.swift */,
			);
			path = "Core Team";
			sourceTree = "<group>";
		};
		F3303F032157093300DF4610 /* Header */ = {
			isa = PBXGroup;
			children = (
				F3DCA06E21592B7E0022FE50 /* CoreTeamCollectionReusableView.swift */,
				F3DCA06F21592B7E0022FE50 /* CoreTeamCollectionReusableView.xib */,
			);
			path = Header;
			sourceTree = "<group>";
		};
		F33DFA552149FB4F00E3194C = {
			isa = PBXGroup;
			children = (
				F33DFA602149FB4F00E3194C /* Y-PEER */,
				F33DFA5F2149FB4F00E3194C /* Products */,
				39F5180110688FFB4433385F /* Pods */,
				5F7D66B596136B8CD1B9EA36 /* Frameworks */,
			);
			sourceTree = "<group>";
		};
		F33DFA5F2149FB4F00E3194C /* Products */ = {
			isa = PBXGroup;
			children = (
				F33DFA5E2149FB4F00E3194C /* Y-PEER.app */,
			);
			name = Products;
			sourceTree = "<group>";
		};
		F33DFA602149FB4F00E3194C /* Y-PEER */ = {
			isa = PBXGroup;
			children = (
				F3B1E4EA214DAFD200832FE7 /* ParentViewController.swift */,
				F33DFA7B214A144000E3194C /* Extensions */,
				F33DFA7A214A129000E3194C /* Authentication */,
				F33DFA75214A057A00E3194C /* Side Menu */,
				F3B1E4E6214DADF900832FE7 /* Main */,
				F3303ECD2156779C00DF4610 /* Issue */,
				F3303EDC2156D6BC00DF4610 /* Settings */,
				F33DFA612149FB4F00E3194C /* AppDelegate.swift */,
				F33DFA682149FB5100E3194C /* Assets.xcassets */,
				F33DFA6A2149FB5100E3194C /* LaunchScreen.storyboard */,
				F33DFA6D2149FB5100E3194C /* Info.plist */,
				F3303ED92156CBE500DF4610 /* a.jpg */,
			);
			path = "Y-PEER";
			sourceTree = "<group>";
		};
		F33DFA75214A057A00E3194C /* Side Menu */ = {
			isa = PBXGroup;
			children = (
				F33DFA78214A075500E3194C /* SideMenuViewController.swift */,
				F33DFA76214A074500E3194C /* SideMenu.storyboard */,
			);
			path = "Side Menu";
			sourceTree = "<group>";
		};
		F33DFA7A214A129000E3194C /* Authentication */ = {
			isa = PBXGroup;
			children = (
			);
			path = Authentication;
			sourceTree = "<group>";
		};
		F33DFA7B214A144000E3194C /* Extensions */ = {
			isa = PBXGroup;
			children = (
				F33DFA7C214A145600E3194C /* UIColor Extension.swift */,
				F3303EFE215700AB00DF4610 /* String Extensions.swift */,
			);
			path = Extensions;
			sourceTree = "<group>";
		};
		F3B1E4E6214DADF900832FE7 /* Main */ = {
			isa = PBXGroup;
			children = (
				F3B1E4E9214DAFAE00832FE7 /* Posts */,
				F3B1E4EE214DB37E00832FE7 /* Gallery */,
				F3D0EEC4214E08AD006739B9 /* Issues */,
				F3B1E4E7214DAE1700832FE7 /* MainTabBarController.swift */,
				F33DFA652149FB4F00E3194C /* Main.storyboard */,
			);
			path = Main;
			sourceTree = "<group>";
		};
		F3B1E4E9214DAFAE00832FE7 /* Posts */ = {
			isa = PBXGroup;
			children = (
				F3D0EEB9214DEEC9006739B9 /* Cell */,
				F3B1E4EC214DAFEA00832FE7 /* PostsViewController.swift */,
			);
			path = Posts;
			sourceTree = "<group>";
		};
		F3B1E4EE214DB37E00832FE7 /* Gallery */ = {
			isa = PBXGroup;
			children = (
				F3D0EEBF214DF615006739B9 /* Video Cell */,
				F3B1E4F1214DB91E00832FE7 /* Gallery Cell */,
				F3B1E4EF214DB39000832FE7 /* GalleryViewController.swift */,
			);
			path = Gallery;
			sourceTree = "<group>";
		};
		F3B1E4F1214DB91E00832FE7 /* Gallery Cell */ = {
			isa = PBXGroup;
			children = (
				F3B1E4F6214DD7B100832FE7 /* Skeleton Cell */,
				F3B1E4F2214DB93800832FE7 /* GalleryCollectionViewCell.swift */,
				F3B1E4F3214DB93800832FE7 /* GalleryCollectionViewCell.xib */,
			);
			path = "Gallery Cell";
			sourceTree = "<group>";
		};
		F3B1E4F6214DD7B100832FE7 /* Skeleton Cell */ = {
			isa = PBXGroup;
			children = (
				F3D0EEB5214DD7F7006739B9 /* GallerySkeletonCollectionViewCell.swift */,
				F3D0EEB6214DD7F7006739B9 /* GallerySkeletonCollectionViewCell.xib */,
			);
			path = "Skeleton Cell";
			sourceTree = "<group>";
		};
		F3D0EEB9214DEEC9006739B9 /* Cell */ = {
			isa = PBXGroup;
			children = (
				F3131EF8216BB75F00B1200E /* Quiz Cell */,
				F3131EF3216BB6ED00B1200E /* Image Cell */,
				F3D0EEBA214DEECE006739B9 /* Skeleton Cell */,
			);
			path = Cell;
			sourceTree = "<group>";
		};
		F3D0EEBA214DEECE006739B9 /* Skeleton Cell */ = {
			isa = PBXGroup;
			children = (
				F3D0EEBB214DEEEC006739B9 /* PostsSkeletonTableViewCell.swift */,
				F3D0EEBC214DEEEC006739B9 /* PostsSkeletonTableViewCell.xib */,
			);
			path = "Skeleton Cell";
			sourceTree = "<group>";
		};
		F3D0EEBF214DF615006739B9 /* Video Cell */ = {
			isa = PBXGroup;
			children = (
				F3D0EEC0214DF630006739B9 /* GalleryVideoCollectionViewCell.swift */,
				F3D0EEC1214DF630006739B9 /* GalleryVideoCollectionViewCell.xib */,
			);
			path = "Video Cell";
			sourceTree = "<group>";
		};
		F3D0EEC4214E08AD006739B9 /* Issues */ = {
			isa = PBXGroup;
			children = (
				F3D0EECC214E37EC006739B9 /* Cell */,
				F3D0EEC7214E0A9A006739B9 /* Header */,
				F3D0EEC5214E08C6006739B9 /* IssuesViewController.swift */,
			);
			path = Issues;
			sourceTree = "<group>";
		};
		F3D0EEC7214E0A9A006739B9 /* Header */ = {
			isa = PBXGroup;
			children = (
				F3D0EEC8214E0AB7006739B9 /* IssuesHeaderCollectionReusableView.swift */,
				F3D0EEC9214E0AB7006739B9 /* IssuesHeaderCollectionReusableView.xib */,
			);
			path = Header;
			sourceTree = "<group>";
		};
		F3D0EECC214E37EC006739B9 /* Cell */ = {
			isa = PBXGroup;
			children = (
				F3D0EECD214E3807006739B9 /* IssuesCollectionViewCell.swift */,
				F3D0EECE214E3807006739B9 /* IssuesCollectionViewCell.xib */,
			);
			path = Cell;
			sourceTree = "<group>";
		};
/* End PBXGroup section */

/* Begin PBXNativeTarget section */
		F33DFA5D2149FB4F00E3194C /* Y-PEER */ = {
			isa = PBXNativeTarget;
			buildConfigurationList = F33DFA702149FB5100E3194C /* Build configuration list for PBXNativeTarget "Y-PEER" */;
			buildPhases = (
				A09C6E938618435E7A9B1286 /* [CP] Check Pods Manifest.lock */,
				F33DFA5A2149FB4F00E3194C /* Sources */,
				F33DFA5B2149FB4F00E3194C /* Frameworks */,
				F33DFA5C2149FB4F00E3194C /* Resources */,
				A3675BEC7D6E6E7D8FA98E8C /* [CP] Embed Pods Frameworks */,
			);
			buildRules = (
			);
			dependencies = (
			);
			name = "Y-PEER";
			productName = "Y-PEER";
			productReference = F33DFA5E2149FB4F00E3194C /* Y-PEER.app */;
			productType = "com.apple.product-type.application";
		};
/* End PBXNativeTarget section */

/* Begin PBXProject section */
		F33DFA562149FB4F00E3194C /* Project object */ = {
			isa = PBXProject;
			attributes = {
				LastSwiftUpdateCheck = 0940;
				LastUpgradeCheck = 0940;
				ORGANIZATIONNAME = "Majd Ajaj";
				TargetAttributes = {
					F33DFA5D2149FB4F00E3194C = {
						CreatedOnToolsVersion = 9.4.1;
					};
				};
			};
			buildConfigurationList = F33DFA592149FB4F00E3194C /* Build configuration list for PBXProject "Y-PEER" */;
			compatibilityVersion = "Xcode 9.3";
			developmentRegion = en;
			hasScannedForEncodings = 0;
			knownRegions = (
				en,
				Base,
			);
			mainGroup = F33DFA552149FB4F00E3194C;
			productRefGroup = F33DFA5F2149FB4F00E3194C /* Products */;
			projectDirPath = "";
			projectRoot = "";
			targets = (
				F33DFA5D2149FB4F00E3194C /* Y-PEER */,
			);
		};
/* End PBXProject section */

/* Begin PBXResourcesBuildPhase section */
		F33DFA5C2149FB4F00E3194C /* Resources */ = {
			isa = PBXResourcesBuildPhase;
			buildActionMask = 2147483647;
			files = (
				F3D0EED0214E3807006739B9 /* IssuesCollectionViewCell.xib in Resources */,
				F33DFA77214A074500E3194C /* SideMenu.storyboard in Resources */,
				F3303EED2156E48100DF4610 /* AboutDetailsTableViewCell.xib in Resources */,
				F3131EF7216BB70700B1200E /* PostImageTableViewCell.xib in Resources */,
				F3D0EECB214E0AB7006739B9 /* IssuesHeaderCollectionReusableView.xib in Resources */,
				F33DFA6C2149FB5100E3194C /* LaunchScreen.storyboard in Resources */,
				F3131EFC216BB77100B1200E /* PostsQuizTableViewCell.xib in Resources */,
				F3303EE82156D89600DF4610 /* AboutTableViewSectionHeader.xib in Resources */,
				F3303ECF215677B200DF4610 /* Issue.storyboard in Resources */,
				F3D0EEB8214DD7F7006739B9 /* GallerySkeletonCollectionViewCell.xib in Resources */,
				F33DFA692149FB5100E3194C /* Assets.xcassets in Resources */,
				F3303ED621567ADC00DF4610 /* IssueTableViewCell.xib in Resources */,
				F3303EDA2156CBE500DF4610 /* a.jpg in Resources */,
				F3303EF32156F25300DF4610 /* AboutCoreTeamTableViewCell.xib in Resources */,
				F3B1E4F5214DB93800832FE7 /* GalleryCollectionViewCell.xib in Resources */,
				F3DCA07121592B7E0022FE50 /* CoreTeamCollectionReusableView.xib in Resources */,
				F3131F01216BCF1000B1200E /* PostsImageCollectionViewCell.xib in Resources */,
				F3D0EEC3214DF630006739B9 /* GalleryVideoCollectionViewCell.xib in Resources */,
				F3303EF82156F46F00DF4610 /* AboutCoreTeamCellCollectionViewCell.xib in Resources */,
				F3D0EEBE214DEEEC006739B9 /* PostsSkeletonTableViewCell.xib in Resources */,
				F305B91C2159371F005A4818 /* CoreTeamCollectionViewCell.xib in Resources */,
				F3303EFD2156FF2C00DF4610 /* AboutPartnershipTableViewCell.xib in Resources */,
				F33DFA672149FB4F00E3194C /* Main.storyboard in Resources */,
				F3303EE02156D6E300DF4610 /* Settings.storyboard in Resources */,
			);
			runOnlyForDeploymentPostprocessing = 0;
		};
/* End PBXResourcesBuildPhase section */

/* Begin PBXShellScriptBuildPhase section */
		A09C6E938618435E7A9B1286 /* [CP] Check Pods Manifest.lock */ = {
			isa = PBXShellScriptBuildPhase;
			buildActionMask = 2147483647;
			files = (
			);
			inputPaths = (
				"${PODS_PODFILE_DIR_PATH}/Podfile.lock",
				"${PODS_ROOT}/Manifest.lock",
			);
			name = "[CP] Check Pods Manifest.lock";
			outputPaths = (
				"$(DERIVED_FILE_DIR)/Pods-Y-PEER-checkManifestLockResult.txt",
			);
			runOnlyForDeploymentPostprocessing = 0;
			shellPath = /bin/sh;
			shellScript = "diff \"${PODS_PODFILE_DIR_PATH}/Podfile.lock\" \"${PODS_ROOT}/Manifest.lock\" > /dev/null\nif [ $? != 0 ] ; then\n    # print error to STDERR\n    echo \"error: The sandbox is not in sync with the Podfile.lock. Run 'pod install' or update your CocoaPods installation.\" >&2\n    exit 1\nfi\n# This output is used by Xcode 'outputs' to avoid re-running this script phase.\necho \"SUCCESS\" > \"${SCRIPT_OUTPUT_FILE_0}\"\n";
			showEnvVarsInLog = 0;
		};
		A3675BEC7D6E6E7D8FA98E8C /* [CP] Embed Pods Frameworks */ = {
			isa = PBXShellScriptBuildPhase;
			buildActionMask = 2147483647;
			files = (
			);
			inputPaths = (
				"${SRCROOT}/Pods/Target Support Files/Pods-Y-PEER/Pods-Y-PEER-frameworks.sh",
				"${BUILT_PRODUCTS_DIR}/Alamofire/Alamofire.framework",
				"${BUILT_PRODUCTS_DIR}/Presentr/Presentr.framework",
				"${BUILT_PRODUCTS_DIR}/SideMenu/SideMenu.framework",
				"${BUILT_PRODUCTS_DIR}/SkeletonView/SkeletonView.framework",
			);
			name = "[CP] Embed Pods Frameworks";
			outputPaths = (
				"${TARGET_BUILD_DIR}/${FRAMEWORKS_FOLDER_PATH}/Alamofire.framework",
				"${TARGET_BUILD_DIR}/${FRAMEWORKS_FOLDER_PATH}/Presentr.framework",
				"${TARGET_BUILD_DIR}/${FRAMEWORKS_FOLDER_PATH}/SideMenu.framework",
				"${TARGET_BUILD_DIR}/${FRAMEWORKS_FOLDER_PATH}/SkeletonView.framework",
			);
			runOnlyForDeploymentPostprocessing = 0;
			shellPath = /bin/sh;
			shellScript = "\"${SRCROOT}/Pods/Target Support Files/Pods-Y-PEER/Pods-Y-PEER-frameworks.sh\"\n";
			showEnvVarsInLog = 0;
		};
/* End PBXShellScriptBuildPhase section */

/* Begin PBXSourcesBuildPhase section */
		F33DFA5A2149FB4F00E3194C /* Sources */ = {
			isa = PBXSourcesBuildPhase;
			buildActionMask = 2147483647;
			files = (
				F3303ED12156796200DF4610 /* IssueViewController.swift in Sources */,
				F3D0EECA214E0AB7006739B9 /* IssuesHeaderCollectionReusableView.swift in Sources */,
				F3D0EEC6214E08C6006739B9 /* IssuesViewController.swift in Sources */,
				F3303EF72156F46F00DF4610 /* AboutCoreTeamCellCollectionViewCell.swift in Sources */,
				F3303EFC2156FF2C00DF4610 /* AboutPartnershipTableViewCell.swift in Sources */,
				F3303EFF215700AB00DF4610 /* String Extensions.swift in Sources */,
				F3B1E4ED214DAFEA00832FE7 /* PostsViewController.swift in Sources */,
				F3303EE62156D88D00DF4610 /* AboutTableViewSectionHeader.swift in Sources */,
				F3D0EEC2214DF630006739B9 /* GalleryVideoCollectionViewCell.swift in Sources */,
				F3B1E4F4214DB93800832FE7 /* GalleryCollectionViewCell.swift in Sources */,
				F3131EF6216BB70700B1200E /* PostImageTableViewCell.swift in Sources */,
				F3DCA07021592B7E0022FE50 /* CoreTeamCollectionReusableView.swift in Sources */,
				F3303EEC2156E48100DF4610 /* AboutDetailsTableViewCell.swift in Sources */,
				F3D0EEB7214DD7F7006739B9 /* GallerySkeletonCollectionViewCell.swift in Sources */,
				F3B1E4F0214DB39000832FE7 /* GalleryViewController.swift in Sources */,
				F3303EF22156F25300DF4610 /* AboutCoreTeamTableViewCell.swift in Sources */,
				F33DFA7D214A145600E3194C /* UIColor Extension.swift in Sources */,
				F3303EE32156D7D600DF4610 /* AboutViewController.swift in Sources */,
				F3D0EECF214E3807006739B9 /* IssuesCollectionViewCell.swift in Sources */,
				F3B1E4EB214DAFD200832FE7 /* ParentViewController.swift in Sources */,
				F3D0EEBD214DEEEC006739B9 /* PostsSkeletonTableViewCell.swift in Sources */,
				F305B91B2159371F005A4818 /* CoreTeamCollectionViewCell.swift in Sources */,
				F3131EFB216BB77100B1200E /* PostsQuizTableViewCell.swift in Sources */,
				F33DFA79214A075500E3194C /* SideMenuViewController.swift in Sources */,
				F3B1E4E8214DAE1700832FE7 /* MainTabBarController.swift in Sources */,
				F33DFA622149FB4F00E3194C /* AppDelegate.swift in Sources */,
				F3131F00216BCF1000B1200E /* PostsImageCollectionViewCell.swift in Sources */,
				F3303ED82156C7C000DF4610 /* IssueArticleViewController.swift in Sources */,
				F3303ED521567ADC00DF4610 /* IssueTableViewCell.swift in Sources */,
				F3303F022157089600DF4610 /* CoreTeamViewController.swift in Sources */,
				F3303EDE2156D6D900DF4610 /* SettingsViewController.swift in Sources */,
			);
			runOnlyForDeploymentPostprocessing = 0;
		};
/* End PBXSourcesBuildPhase section */

/* Begin PBXVariantGroup section */
		F33DFA652149FB4F00E3194C /* Main.storyboard */ = {
			isa = PBXVariantGroup;
			children = (
				F33DFA662149FB4F00E3194C /* Base */,
			);
			name = Main.storyboard;
			sourceTree = "<group>";
		};
		F33DFA6A2149FB5100E3194C /* LaunchScreen.storyboard */ = {
			isa = PBXVariantGroup;
			children = (
				F33DFA6B2149FB5100E3194C /* Base */,
			);
			name = LaunchScreen.storyboard;
			sourceTree = "<group>";
		};
/* End PBXVariantGroup section */

/* Begin XCBuildConfiguration section */
		F33DFA6E2149FB5100E3194C /* Debug */ = {
			isa = XCBuildConfiguration;
			buildSettings = {
				ALWAYS_SEARCH_USER_PATHS = NO;
				CLANG_ANALYZER_NONNULL = YES;
				CLANG_ANALYZER_NUMBER_OBJECT_CONVERSION = YES_AGGRESSIVE;
				CLANG_CXX_LANGUAGE_STANDARD = "gnu++14";
				CLANG_CXX_LIBRARY = "libc++";
				CLANG_ENABLE_MODULES = YES;
				CLANG_ENABLE_OBJC_ARC = YES;
				CLANG_ENABLE_OBJC_WEAK = YES;
				CLANG_WARN_BLOCK_CAPTURE_AUTORELEASING = YES;
				CLANG_WARN_BOOL_CONVERSION = YES;
				CLANG_WARN_COMMA = YES;
				CLANG_WARN_CONSTANT_CONVERSION = YES;
				CLANG_WARN_DEPRECATED_OBJC_IMPLEMENTATIONS = YES;
				CLANG_WARN_DIRECT_OBJC_ISA_USAGE = YES_ERROR;
				CLANG_WARN_DOCUMENTATION_COMMENTS = YES;
				CLANG_WARN_EMPTY_BODY = YES;
				CLANG_WARN_ENUM_CONVERSION = YES;
				CLANG_WARN_INFINITE_RECURSION = YES;
				CLANG_WARN_INT_CONVERSION = YES;
				CLANG_WARN_NON_LITERAL_NULL_CONVERSION = YES;
				CLANG_WARN_OBJC_IMPLICIT_RETAIN_SELF = YES;
				CLANG_WARN_OBJC_LITERAL_CONVERSION = YES;
				CLANG_WARN_OBJC_ROOT_CLASS = YES_ERROR;
				CLANG_WARN_RANGE_LOOP_ANALYSIS = YES;
				CLANG_WARN_STRICT_PROTOTYPES = YES;
				CLANG_WARN_SUSPICIOUS_MOVE = YES;
				CLANG_WARN_UNGUARDED_AVAILABILITY = YES_AGGRESSIVE;
				CLANG_WARN_UNREACHABLE_CODE = YES;
				CLANG_WARN__DUPLICATE_METHOD_MATCH = YES;
				CODE_SIGN_IDENTITY = "iPhone Developer";
				COPY_PHASE_STRIP = NO;
				DEBUG_INFORMATION_FORMAT = dwarf;
				ENABLE_STRICT_OBJC_MSGSEND = YES;
				ENABLE_TESTABILITY = YES;
				GCC_C_LANGUAGE_STANDARD = gnu11;
				GCC_DYNAMIC_NO_PIC = NO;
				GCC_NO_COMMON_BLOCKS = YES;
				GCC_OPTIMIZATION_LEVEL = 0;
				GCC_PREPROCESSOR_DEFINITIONS = (
					"DEBUG=1",
					"$(inherited)",
				);
				GCC_WARN_64_TO_32_BIT_CONVERSION = YES;
				GCC_WARN_ABOUT_RETURN_TYPE = YES_ERROR;
				GCC_WARN_UNDECLARED_SELECTOR = YES;
				GCC_WARN_UNINITIALIZED_AUTOS = YES_AGGRESSIVE;
				GCC_WARN_UNUSED_FUNCTION = YES;
				GCC_WARN_UNUSED_VARIABLE = YES;
				IPHONEOS_DEPLOYMENT_TARGET = 11.4;
				MTL_ENABLE_DEBUG_INFO = YES;
				ONLY_ACTIVE_ARCH = YES;
				SDKROOT = iphoneos;
				SWIFT_ACTIVE_COMPILATION_CONDITIONS = DEBUG;
				SWIFT_OPTIMIZATION_LEVEL = "-Onone";
			};
			name = Debug;
		};
		F33DFA6F2149FB5100E3194C /* Release */ = {
			isa = XCBuildConfiguration;
			buildSettings = {
				ALWAYS_SEARCH_USER_PATHS = NO;
				CLANG_ANALYZER_NONNULL = YES;
				CLANG_ANALYZER_NUMBER_OBJECT_CONVERSION = YES_AGGRESSIVE;
				CLANG_CXX_LANGUAGE_STANDARD = "gnu++14";
				CLANG_CXX_LIBRARY = "libc++";
				CLANG_ENABLE_MODULES = YES;
				CLANG_ENABLE_OBJC_ARC = YES;
				CLANG_ENABLE_OBJC_WEAK = YES;
				CLANG_WARN_BLOCK_CAPTURE_AUTORELEASING = YES;
				CLANG_WARN_BOOL_CONVERSION = YES;
				CLANG_WARN_COMMA = YES;
				CLANG_WARN_CONSTANT_CONVERSION = YES;
				CLANG_WARN_DEPRECATED_OBJC_IMPLEMENTATIONS = YES;
				CLANG_WARN_DIRECT_OBJC_ISA_USAGE = YES_ERROR;
				CLANG_WARN_DOCUMENTATION_COMMENTS = YES;
				CLANG_WARN_EMPTY_BODY = YES;
				CLANG_WARN_ENUM_CONVERSION = YES;
				CLANG_WARN_INFINITE_RECURSION = YES;
				CLANG_WARN_INT_CONVERSION = YES;
				CLANG_WARN_NON_LITERAL_NULL_CONVERSION = YES;
				CLANG_WARN_OBJC_IMPLICIT_RETAIN_SELF = YES;
				CLANG_WARN_OBJC_LITERAL_CONVERSION = YES;
				CLANG_WARN_OBJC_ROOT_CLASS = YES_ERROR;
				CLANG_WARN_RANGE_LOOP_ANALYSIS = YES;
				CLANG_WARN_STRICT_PROTOTYPES = YES;
				CLANG_WARN_SUSPICIOUS_MOVE = YES;
				CLANG_WARN_UNGUARDED_AVAILABILITY = YES_AGGRESSIVE;
				CLANG_WARN_UNREACHABLE_CODE = YES;
				CLANG_WARN__DUPLICATE_METHOD_MATCH = YES;
				CODE_SIGN_IDENTITY = "iPhone Developer";
				COPY_PHASE_STRIP = NO;
				DEBUG_INFORMATION_FORMAT = "dwarf-with-dsym";
				ENABLE_NS_ASSERTIONS = NO;
				ENABLE_STRICT_OBJC_MSGSEND = YES;
				GCC_C_LANGUAGE_STANDARD = gnu11;
				GCC_NO_COMMON_BLOCKS = YES;
				GCC_WARN_64_TO_32_BIT_CONVERSION = YES;
				GCC_WARN_ABOUT_RETURN_TYPE = YES_ERROR;
				GCC_WARN_UNDECLARED_SELECTOR = YES;
				GCC_WARN_UNINITIALIZED_AUTOS = YES_AGGRESSIVE;
				GCC_WARN_UNUSED_FUNCTION = YES;
				GCC_WARN_UNUSED_VARIABLE = YES;
				IPHONEOS_DEPLOYMENT_TARGET = 11.4;
				MTL_ENABLE_DEBUG_INFO = NO;
				SDKROOT = iphoneos;
				SWIFT_COMPILATION_MODE = wholemodule;
				SWIFT_OPTIMIZATION_LEVEL = "-O";
				VALIDATE_PRODUCT = YES;
			};
			name = Release;
		};
		F33DFA712149FB5100E3194C /* Debug */ = {
			isa = XCBuildConfiguration;
			baseConfigurationReference = 02D45C8E86A24096A55086ED /* Pods-Y-PEER.debug.xcconfig */;
			buildSettings = {
				ASSETCATALOG_COMPILER_APPICON_NAME = AppIcon;
				CODE_SIGN_STYLE = Automatic;
				DEVELOPMENT_TEAM = CE655T25LA;
				INFOPLIST_FILE = "Y-PEER/Info.plist";
				LD_RUNPATH_SEARCH_PATHS = (
					"$(inherited)",
					"@executable_path/Frameworks",
				);
				PRODUCT_BUNDLE_IDENTIFIER = "MA.Y-PEER";
				PRODUCT_NAME = "$(TARGET_NAME)";
				SWIFT_VERSION = 4.0;
				TARGETED_DEVICE_FAMILY = "1,2";
			};
			name = Debug;
		};
		F33DFA722149FB5100E3194C /* Release */ = {
			isa = XCBuildConfiguration;
			baseConfigurationReference = 304A170E4E59E3209A117E64 /* Pods-Y-PEER.release.xcconfig */;
			buildSettings = {
				ASSETCATALOG_COMPILER_APPICON_NAME = AppIcon;
				CODE_SIGN_STYLE = Automatic;
				DEVELOPMENT_TEAM = CE655T25LA;
				INFOPLIST_FILE = "Y-PEER/Info.plist";
				LD_RUNPATH_SEARCH_PATHS = (
					"$(inherited)",
					"@executable_path/Frameworks",
				);
				PRODUCT_BUNDLE_IDENTIFIER = "MA.Y-PEER";
				PRODUCT_NAME = "$(TARGET_NAME)";
				SWIFT_VERSION = 4.0;
				TARGETED_DEVICE_FAMILY = "1,2";
			};
			name = Release;
		};
/* End XCBuildConfiguration section */

/* Begin XCConfigurationList section */
		F33DFA592149FB4F00E3194C /* Build configuration list for PBXProject "Y-PEER" */ = {
			isa = XCConfigurationList;
			buildConfigurations = (
				F33DFA6E2149FB5100E3194C /* Debug */,
				F33DFA6F2149FB5100E3194C /* Release */,
			);
			defaultConfigurationIsVisible = 0;
			defaultConfigurationName = Release;
		};
		F33DFA702149FB5100E3194C /* Build configuration list for PBXNativeTarget "Y-PEER" */ = {
			isa = XCConfigurationList;
			buildConfigurations = (
				F33DFA712149FB5100E3194C /* Debug */,
				F33DFA722149FB5100E3194C /* Release */,
			);
			defaultConfigurationIsVisible = 0;
			defaultConfigurationName = Release;
		};
/* End XCConfigurationList section */
	};
	rootObject = F33DFA562149FB4F00E3194C /* Project object */;
}
